// !$*UTF8*$!
{
	archiveVersion = 1;
	classes = {
	};
	objectVersion = 46;
	objects = {

/* Begin PBXBuildFile section */
		631CF5E515B40ED50043EE5A /* TFHpple.m in Sources */ = {isa = PBXBuildFile; fileRef = 631CF5E015B40ED50043EE5A /* TFHpple.m */; };
		631CF5E615B40ED50043EE5A /* TFHppleElement.m in Sources */ = {isa = PBXBuildFile; fileRef = 631CF5E215B40ED50043EE5A /* TFHppleElement.m */; };
		631CF5E715B40ED50043EE5A /* XPathQuery.m in Sources */ = {isa = PBXBuildFile; fileRef = 631CF5E415B40ED50043EE5A /* XPathQuery.m */; };
		631CF5E915B410B30043EE5A /* libxml2.dylib in Frameworks */ = {isa = PBXBuildFile; fileRef = 631CF5E815B410B30043EE5A /* libxml2.dylib */; };
		633E9C0715A7A70700DA4C90 /* MKMapView+ZoomLevel.m in Sources */ = {isa = PBXBuildFile; fileRef = 633E9C0615A7A70700DA4C90 /* MKMapView+ZoomLevel.m */; };
		6350026A15AB820600FC9BCF /* QuartzCore.framework in Frameworks */ = {isa = PBXBuildFile; fileRef = 6350026915AB820600FC9BCF /* QuartzCore.framework */; };
		6350026C15AB821000FC9BCF /* MessageUI.framework in Frameworks */ = {isa = PBXBuildFile; fileRef = 6350026B15AB821000FC9BCF /* MessageUI.framework */; };
		6350026E15AB821E00FC9BCF /* ImageIO.framework in Frameworks */ = {isa = PBXBuildFile; fileRef = 6350026D15AB821E00FC9BCF /* ImageIO.framework */; };
		6350029615AB92B100FC9BCF /* CGPDFDocument.m in Sources */ = {isa = PBXBuildFile; fileRef = 6350027115AB92B100FC9BCF /* CGPDFDocument.m */; settings = {COMPILER_FLAGS = "-fno-objc-arc"; }; };
		6350029715AB92B100FC9BCF /* ReaderConstants.m in Sources */ = {isa = PBXBuildFile; fileRef = 6350027315AB92B100FC9BCF /* ReaderConstants.m */; settings = {COMPILER_FLAGS = "-fno-objc-arc"; }; };
		6350029815AB92B100FC9BCF /* ReaderContentPage.m in Sources */ = {isa = PBXBuildFile; fileRef = 6350027515AB92B100FC9BCF /* ReaderContentPage.m */; settings = {COMPILER_FLAGS = "-fno-objc-arc"; }; };
		6350029915AB92B100FC9BCF /* ReaderContentTile.m in Sources */ = {isa = PBXBuildFile; fileRef = 6350027715AB92B100FC9BCF /* ReaderContentTile.m */; settings = {COMPILER_FLAGS = "-fno-objc-arc"; }; };
		6350029A15AB92B100FC9BCF /* ReaderContentView.m in Sources */ = {isa = PBXBuildFile; fileRef = 6350027915AB92B100FC9BCF /* ReaderContentView.m */; settings = {COMPILER_FLAGS = "-fno-objc-arc"; }; };
		6350029B15AB92B100FC9BCF /* ReaderDocument.m in Sources */ = {isa = PBXBuildFile; fileRef = 6350027B15AB92B100FC9BCF /* ReaderDocument.m */; settings = {COMPILER_FLAGS = "-fno-objc-arc"; }; };
		6350029C15AB92B100FC9BCF /* ReaderMainPagebar.m in Sources */ = {isa = PBXBuildFile; fileRef = 6350027D15AB92B100FC9BCF /* ReaderMainPagebar.m */; settings = {COMPILER_FLAGS = "-fno-objc-arc"; }; };
		6350029D15AB92B100FC9BCF /* ReaderMainToolbar.m in Sources */ = {isa = PBXBuildFile; fileRef = 6350027F15AB92B100FC9BCF /* ReaderMainToolbar.m */; settings = {COMPILER_FLAGS = "-fno-objc-arc"; }; };
		6350029E15AB92B100FC9BCF /* ReaderThumbCache.m in Sources */ = {isa = PBXBuildFile; fileRef = 6350028115AB92B100FC9BCF /* ReaderThumbCache.m */; settings = {COMPILER_FLAGS = "-fno-objc-arc"; }; };
		6350029F15AB92B100FC9BCF /* ReaderThumbFetch.m in Sources */ = {isa = PBXBuildFile; fileRef = 6350028315AB92B100FC9BCF /* ReaderThumbFetch.m */; settings = {COMPILER_FLAGS = "-fno-objc-arc"; }; };
		635002A015AB92B100FC9BCF /* ReaderThumbQueue.m in Sources */ = {isa = PBXBuildFile; fileRef = 6350028515AB92B100FC9BCF /* ReaderThumbQueue.m */; settings = {COMPILER_FLAGS = "-fno-objc-arc"; }; };
		635002A115AB92B100FC9BCF /* ReaderThumbRender.m in Sources */ = {isa = PBXBuildFile; fileRef = 6350028715AB92B100FC9BCF /* ReaderThumbRender.m */; settings = {COMPILER_FLAGS = "-fno-objc-arc"; }; };
		635002A215AB92B100FC9BCF /* ReaderThumbRequest.m in Sources */ = {isa = PBXBuildFile; fileRef = 6350028915AB92B100FC9BCF /* ReaderThumbRequest.m */; settings = {COMPILER_FLAGS = "-fno-objc-arc"; }; };
		635002A315AB92B100FC9BCF /* ReaderThumbsView.m in Sources */ = {isa = PBXBuildFile; fileRef = 6350028B15AB92B100FC9BCF /* ReaderThumbsView.m */; settings = {COMPILER_FLAGS = "-fno-objc-arc"; }; };
		635002A415AB92B100FC9BCF /* ReaderThumbView.m in Sources */ = {isa = PBXBuildFile; fileRef = 6350028D15AB92B100FC9BCF /* ReaderThumbView.m */; settings = {COMPILER_FLAGS = "-fno-objc-arc"; }; };
		635002A515AB92B100FC9BCF /* ReaderViewController.m in Sources */ = {isa = PBXBuildFile; fileRef = 6350028F15AB92B100FC9BCF /* ReaderViewController.m */; settings = {COMPILER_FLAGS = "-fno-objc-arc"; }; };
		635002A615AB92B100FC9BCF /* ThumbsMainToolbar.m in Sources */ = {isa = PBXBuildFile; fileRef = 6350029115AB92B100FC9BCF /* ThumbsMainToolbar.m */; settings = {COMPILER_FLAGS = "-fno-objc-arc"; }; };
		635002A715AB92B100FC9BCF /* ThumbsViewController.m in Sources */ = {isa = PBXBuildFile; fileRef = 6350029315AB92B100FC9BCF /* ThumbsViewController.m */; settings = {COMPILER_FLAGS = "-fno-objc-arc"; }; };
		635002A815AB92B100FC9BCF /* UIXToolbarView.m in Sources */ = {isa = PBXBuildFile; fileRef = 6350029515AB92B100FC9BCF /* UIXToolbarView.m */; settings = {COMPILER_FLAGS = "-fno-objc-arc"; }; };
		635002BF15AB92D000FC9BCF /* Reader-Button-H.png in Resources */ = {isa = PBXBuildFile; fileRef = 635002AD15AB92D000FC9BCF /* Reader-Button-H.png */; };
		635002C015AB92D000FC9BCF /* Reader-Button-H@2x.png in Resources */ = {isa = PBXBuildFile; fileRef = 635002AE15AB92D000FC9BCF /* Reader-Button-H@2x.png */; };
		635002C115AB92D000FC9BCF /* Reader-Button-N.png in Resources */ = {isa = PBXBuildFile; fileRef = 635002AF15AB92D000FC9BCF /* Reader-Button-N.png */; };
		635002C215AB92D000FC9BCF /* Reader-Button-N@2x.png in Resources */ = {isa = PBXBuildFile; fileRef = 635002B015AB92D000FC9BCF /* Reader-Button-N@2x.png */; };
		635002C315AB92D000FC9BCF /* Reader-Email.png in Resources */ = {isa = PBXBuildFile; fileRef = 635002B115AB92D000FC9BCF /* Reader-Email.png */; };
		635002C415AB92D000FC9BCF /* Reader-Email@2x.png in Resources */ = {isa = PBXBuildFile; fileRef = 635002B215AB92D000FC9BCF /* Reader-Email@2x.png */; };
		635002C515AB92D000FC9BCF /* Reader-Mark-N.png in Resources */ = {isa = PBXBuildFile; fileRef = 635002B315AB92D000FC9BCF /* Reader-Mark-N.png */; };
		635002C615AB92D000FC9BCF /* Reader-Mark-N@2x.png in Resources */ = {isa = PBXBuildFile; fileRef = 635002B415AB92D000FC9BCF /* Reader-Mark-N@2x.png */; };
		635002C715AB92D000FC9BCF /* Reader-Mark-Y.png in Resources */ = {isa = PBXBuildFile; fileRef = 635002B515AB92D000FC9BCF /* Reader-Mark-Y.png */; };
		635002C815AB92D000FC9BCF /* Reader-Mark-Y@2x.png in Resources */ = {isa = PBXBuildFile; fileRef = 635002B615AB92D000FC9BCF /* Reader-Mark-Y@2x.png */; };
		635002C915AB92D000FC9BCF /* Reader-Print.png in Resources */ = {isa = PBXBuildFile; fileRef = 635002B715AB92D000FC9BCF /* Reader-Print.png */; };
		635002CA15AB92D000FC9BCF /* Reader-Print@2x.png in Resources */ = {isa = PBXBuildFile; fileRef = 635002B815AB92D000FC9BCF /* Reader-Print@2x.png */; };
		635002CB15AB92D000FC9BCF /* Reader-Thumbs.png in Resources */ = {isa = PBXBuildFile; fileRef = 635002B915AB92D000FC9BCF /* Reader-Thumbs.png */; };
		635002CC15AB92D000FC9BCF /* Reader-Thumbs@2x.png in Resources */ = {isa = PBXBuildFile; fileRef = 635002BA15AB92D000FC9BCF /* Reader-Thumbs@2x.png */; };
		635002CE15AB964E00FC9BCF /* wildjunket.pdf in Resources */ = {isa = PBXBuildFile; fileRef = 635002CD15AB964E00FC9BCF /* wildjunket.pdf */; };
		6360FC9D15B6B8AD00A58518 /* tab-selected-new.png in Resources */ = {isa = PBXBuildFile; fileRef = 6360FC9C15B6B8AD00A58518 /* tab-selected-new.png */; };
		6360FC9F15B7135100A58518 /* tab-selected-new@2x.png in Resources */ = {isa = PBXBuildFile; fileRef = 6360FC9E15B7135100A58518 /* tab-selected-new@2x.png */; };
		636729D515A4BAEE00A54ACE /* RSSNavViewController.m in Sources */ = {isa = PBXBuildFile; fileRef = 636729D415A4BAEE00A54ACE /* RSSNavViewController.m */; };
		63681BE615B44E4A0051F1B7 /* libSDWebImageARC.a in Frameworks */ = {isa = PBXBuildFile; fileRef = 63681BCC15B44D720051F1B7 /* libSDWebImageARC.a */; };
		63ABEE4815A33831008F8C16 /* mapmarker@2x.png in Resources */ = {isa = PBXBuildFile; fileRef = 63ABEE4215A33831008F8C16 /* mapmarker@2x.png */; };
		63ABEE4915A33831008F8C16 /* 38-airplane@2x.png in Resources */ = {isa = PBXBuildFile; fileRef = 63ABEE4315A33831008F8C16 /* 38-airplane@2x.png */; };
		63ABEE4A15A33831008F8C16 /* 56-feed@2x.png in Resources */ = {isa = PBXBuildFile; fileRef = 63ABEE4415A33831008F8C16 /* 56-feed@2x.png */; };
		63ABEE4B15A33831008F8C16 /* 59-info@2x.png in Resources */ = {isa = PBXBuildFile; fileRef = 63ABEE4515A33831008F8C16 /* 59-info@2x.png */; };
		63ABEE4C15A33831008F8C16 /* 71-compass@2x.png in Resources */ = {isa = PBXBuildFile; fileRef = 63ABEE4615A33831008F8C16 /* 71-compass@2x.png */; };
		63ABEE4D15A33831008F8C16 /* 86-camera@2x.png in Resources */ = {isa = PBXBuildFile; fileRef = 63ABEE4715A33831008F8C16 /* 86-camera@2x.png */; };
		63ABEE5415A338D1008F8C16 /* mapmarker.png in Resources */ = {isa = PBXBuildFile; fileRef = 63ABEE4E15A338D1008F8C16 /* mapmarker.png */; };
		63ABEE5515A338D1008F8C16 /* 38-airplane.png in Resources */ = {isa = PBXBuildFile; fileRef = 63ABEE4F15A338D1008F8C16 /* 38-airplane.png */; };
		63ABEE5615A338D1008F8C16 /* 56-feed.png in Resources */ = {isa = PBXBuildFile; fileRef = 63ABEE5015A338D1008F8C16 /* 56-feed.png */; };
		63ABEE5715A338D1008F8C16 /* 59-info.png in Resources */ = {isa = PBXBuildFile; fileRef = 63ABEE5115A338D1008F8C16 /* 59-info.png */; };
		63ABEE5815A338D1008F8C16 /* 71-compass.png in Resources */ = {isa = PBXBuildFile; fileRef = 63ABEE5215A338D1008F8C16 /* 71-compass.png */; };
		63ABEE5915A338D1008F8C16 /* 86-camera.png in Resources */ = {isa = PBXBuildFile; fileRef = 63ABEE5315A338D1008F8C16 /* 86-camera.png */; };
		63BB49FB15B4BEBE00CAE398 /* back-button.png in Resources */ = {isa = PBXBuildFile; fileRef = 63BB49F515B4BEBE00CAE398 /* back-button.png */; };
		63BB49FC15B4BEBE00CAE398 /* back-button@2x.png in Resources */ = {isa = PBXBuildFile; fileRef = 63BB49F615B4BEBE00CAE398 /* back-button@2x.png */; };
		63BB49FD15B4BEBE00CAE398 /* bar-button.png in Resources */ = {isa = PBXBuildFile; fileRef = 63BB49F715B4BEBE00CAE398 /* bar-button.png */; };
		63BB49FE15B4BEBE00CAE398 /* bar-button@2x.png in Resources */ = {isa = PBXBuildFile; fileRef = 63BB49F815B4BEBE00CAE398 /* bar-button@2x.png */; };
		63BB49FF15B4BEBE00CAE398 /* nav-bar.png in Resources */ = {isa = PBXBuildFile; fileRef = 63BB49F915B4BEBE00CAE398 /* nav-bar.png */; };
		63BB4A0015B4BEBE00CAE398 /* nav-bar@2x.png in Resources */ = {isa = PBXBuildFile; fileRef = 63BB49FA15B4BEBE00CAE398 /* nav-bar@2x.png */; };
		63BB4CEF15B4CBD500CAE398 /* nav-bar-landscape.png in Resources */ = {isa = PBXBuildFile; fileRef = 63BB4CED15B4CBD400CAE398 /* nav-bar-landscape.png */; };
		63BB4CF015B4CBD500CAE398 /* nav-bar-landscape@2x.png in Resources */ = {isa = PBXBuildFile; fileRef = 63BB4CEE15B4CBD400CAE398 /* nav-bar-landscape@2x.png */; };
		63BB4CFD15B4CFC700CAE398 /* back-button-landscape.png in Resources */ = {isa = PBXBuildFile; fileRef = 63BB4CF915B4CFC700CAE398 /* back-button-landscape.png */; };
		63BB4CFE15B4CFC700CAE398 /* back-button-landscape@2x.png in Resources */ = {isa = PBXBuildFile; fileRef = 63BB4CFA15B4CFC700CAE398 /* back-button-landscape@2x.png */; };
		63BB4CFF15B4CFC700CAE398 /* bar-button-landscape.png in Resources */ = {isa = PBXBuildFile; fileRef = 63BB4CFB15B4CFC700CAE398 /* bar-button-landscape.png */; };
		63BB4D0015B4CFC700CAE398 /* bar-button-landscape@2x.png in Resources */ = {isa = PBXBuildFile; fileRef = 63BB4CFC15B4CFC700CAE398 /* bar-button-landscape@2x.png */; };
		63C6187515B69E2600C3AE92 /* tab-bar@2x.png in Resources */ = {isa = PBXBuildFile; fileRef = 63C6187315B69E2600C3AE92 /* tab-bar@2x.png */; };
		63C6187615B69E2600C3AE92 /* tab-bar.png in Resources */ = {isa = PBXBuildFile; fileRef = 63C6187415B69E2600C3AE92 /* tab-bar.png */; };
		63CF5C0F15B42949000B3D46 /* RSSCell.m in Sources */ = {isa = PBXBuildFile; fileRef = 63CF5C0E15B42949000B3D46 /* RSSCell.m */; };
		63CF5C1615B43B46000B3D46 /* placeholder.png in Resources */ = {isa = PBXBuildFile; fileRef = 63CF5C1515B43B46000B3D46 /* placeholder.png */; };
		63DC11D815A5D03500E22683 /* MapKit.framework in Frameworks */ = {isa = PBXBuildFile; fileRef = 63DC11D715A5D03500E22683 /* MapKit.framework */; };
		63DC11DC15A5D05A00E22683 /* MapViewController.m in Sources */ = {isa = PBXBuildFile; fileRef = 63DC11DB15A5D05A00E22683 /* MapViewController.m */; };
		63EE7E6215A4BDD10098FEE8 /* libz.dylib in Frameworks */ = {isa = PBXBuildFile; fileRef = 63EE7E6115A4BDD10098FEE8 /* libz.dylib */; };
		63EE7E6415A4BDE10098FEE8 /* CFNetwork.framework in Frameworks */ = {isa = PBXBuildFile; fileRef = 63EE7E6315A4BDE10098FEE8 /* CFNetwork.framework */; };
		63EE7E6615A4BDEC0098FEE8 /* SystemConfiguration.framework in Frameworks */ = {isa = PBXBuildFile; fileRef = 63EE7E6515A4BDEC0098FEE8 /* SystemConfiguration.framework */; };
		63EE7E6815A4BDF50098FEE8 /* MobileCoreServices.framework in Frameworks */ = {isa = PBXBuildFile; fileRef = 63EE7E6715A4BDF50098FEE8 /* MobileCoreServices.framework */; };
		63EE7E6E15A4C0390098FEE8 /* RSSEntry.m in Sources */ = {isa = PBXBuildFile; fileRef = 63EE7E6D15A4C0380098FEE8 /* RSSEntry.m */; };
		63EE7E7215A4C3980098FEE8 /* RSSTableViewController.m in Sources */ = {isa = PBXBuildFile; fileRef = 63EE7E7115A4C3980098FEE8 /* RSSTableViewController.m */; settings = {COMPILER_FLAGS = "-fno-objc-arc"; }; };
		63EE7EA915A4C88F0098FEE8 /* ASIAuthenticationDialog.m in Sources */ = {isa = PBXBuildFile; fileRef = 63EE7E9415A4C88F0098FEE8 /* ASIAuthenticationDialog.m */; settings = {COMPILER_FLAGS = "-fno-objc-arc"; }; };
		63EE7EAA15A4C88F0098FEE8 /* ASIDataCompressor.m in Sources */ = {isa = PBXBuildFile; fileRef = 63EE7E9715A4C88F0098FEE8 /* ASIDataCompressor.m */; settings = {COMPILER_FLAGS = "-fno-objc-arc"; }; };
		63EE7EAB15A4C88F0098FEE8 /* ASIDataDecompressor.m in Sources */ = {isa = PBXBuildFile; fileRef = 63EE7E9915A4C88F0098FEE8 /* ASIDataDecompressor.m */; settings = {COMPILER_FLAGS = "-fno-objc-arc"; }; };
		63EE7EAC15A4C88F0098FEE8 /* ASIDownloadCache.m in Sources */ = {isa = PBXBuildFile; fileRef = 63EE7E9B15A4C88F0098FEE8 /* ASIDownloadCache.m */; settings = {COMPILER_FLAGS = "-fno-objc-arc"; }; };
		63EE7EAD15A4C88F0098FEE8 /* ASIFormDataRequest.m in Sources */ = {isa = PBXBuildFile; fileRef = 63EE7E9D15A4C88F0098FEE8 /* ASIFormDataRequest.m */; settings = {COMPILER_FLAGS = "-fno-objc-arc"; }; };
		63EE7EAE15A4C88F0098FEE8 /* ASIHTTPRequest.m in Sources */ = {isa = PBXBuildFile; fileRef = 63EE7E9F15A4C88F0098FEE8 /* ASIHTTPRequest.m */; settings = {COMPILER_FLAGS = "-fno-objc-arc"; }; };
		63EE7EAF15A4C88F0098FEE8 /* ASIInputStream.m in Sources */ = {isa = PBXBuildFile; fileRef = 63EE7EA315A4C88F0098FEE8 /* ASIInputStream.m */; settings = {COMPILER_FLAGS = "-fno-objc-arc"; }; };
		63EE7EB015A4C88F0098FEE8 /* ASINetworkQueue.m in Sources */ = {isa = PBXBuildFile; fileRef = 63EE7EA515A4C88F0098FEE8 /* ASINetworkQueue.m */; settings = {COMPILER_FLAGS = "-fno-objc-arc"; }; };
		63EE7EB115A4C88F0098FEE8 /* Reachability.m in Sources */ = {isa = PBXBuildFile; fileRef = 63EE7EA815A4C88F0098FEE8 /* Reachability.m */; settings = {COMPILER_FLAGS = "-fno-objc-arc"; }; };
		63EE7EB715A4D0280098FEE8 /* GDataXMLElement-Extras.m in Sources */ = {isa = PBXBuildFile; fileRef = 63EE7EB415A4D0280098FEE8 /* GDataXMLElement-Extras.m */; settings = {COMPILER_FLAGS = "-fno-objc-arc"; }; };
		63EE7EB815A4D0280098FEE8 /* GDataXMLNode.m in Sources */ = {isa = PBXBuildFile; fileRef = 63EE7EB615A4D0280098FEE8 /* GDataXMLNode.m */; settings = {COMPILER_FLAGS = "-fno-objc-arc"; }; };
		63EE7EBD15A4DDB90098FEE8 /* NSArray+Extras.m in Sources */ = {isa = PBXBuildFile; fileRef = 63EE7EBA15A4DDB90098FEE8 /* NSArray+Extras.m */; };
		63EE7EBE15A4DDB90098FEE8 /* NSDate+InternetDateTime.m in Sources */ = {isa = PBXBuildFile; fileRef = 63EE7EBC15A4DDB90098FEE8 /* NSDate+InternetDateTime.m */; };
		63EE7EC115A4DF290098FEE8 /* RSSFeedWebViewControler.m in Sources */ = {isa = PBXBuildFile; fileRef = 63EE7EC015A4DF290098FEE8 /* RSSFeedWebViewControler.m */; settings = {COMPILER_FLAGS = "-fno-objc-arc"; }; };
		63EF2521158C6033004E2BFB /* UIKit.framework in Frameworks */ = {isa = PBXBuildFile; fileRef = 63EF2520158C6033004E2BFB /* UIKit.framework */; };
		63EF2523158C6033004E2BFB /* Foundation.framework in Frameworks */ = {isa = PBXBuildFile; fileRef = 63EF2522158C6033004E2BFB /* Foundation.framework */; };
		63EF2525158C6033004E2BFB /* CoreGraphics.framework in Frameworks */ = {isa = PBXBuildFile; fileRef = 63EF2524158C6033004E2BFB /* CoreGraphics.framework */; };
		63EF252B158C6033004E2BFB /* InfoPlist.strings in Resources */ = {isa = PBXBuildFile; fileRef = 63EF2529158C6033004E2BFB /* InfoPlist.strings */; };
		63EF252D158C6033004E2BFB /* main.m in Sources */ = {isa = PBXBuildFile; fileRef = 63EF252C158C6033004E2BFB /* main.m */; };
		63EF2531158C6033004E2BFB /* AppDelegate.m in Sources */ = {isa = PBXBuildFile; fileRef = 63EF2530158C6033004E2BFB /* AppDelegate.m */; };
		63EF2534158C6033004E2BFB /* MainStoryboard.storyboard in Resources */ = {isa = PBXBuildFile; fileRef = 63EF2532158C6033004E2BFB /* MainStoryboard.storyboard */; };
		63EF253E158C6033004E2BFB /* PhotosViewController.m in Sources */ = {isa = PBXBuildFile; fileRef = 63EF253D158C6033004E2BFB /* PhotosViewController.m */; };
		63EF254A158C6033004E2BFB /* SenTestingKit.framework in Frameworks */ = {isa = PBXBuildFile; fileRef = 63EF2549158C6033004E2BFB /* SenTestingKit.framework */; };
		63EF254B158C6033004E2BFB /* UIKit.framework in Frameworks */ = {isa = PBXBuildFile; fileRef = 63EF2520158C6033004E2BFB /* UIKit.framework */; };
		63EF254C158C6033004E2BFB /* Foundation.framework in Frameworks */ = {isa = PBXBuildFile; fileRef = 63EF2522158C6033004E2BFB /* Foundation.framework */; };
		63EF2554158C6033004E2BFB /* InfoPlist.strings in Resources */ = {isa = PBXBuildFile; fileRef = 63EF2552158C6033004E2BFB /* InfoPlist.strings */; };
		63EF2557158C6033004E2BFB /* WildJunketTests.m in Sources */ = {isa = PBXBuildFile; fileRef = 63EF2556158C6033004E2BFB /* WildJunketTests.m */; };
/* End PBXBuildFile section */

/* Begin PBXContainerItemProxy section */
		63681BC915B44D720051F1B7 /* PBXContainerItemProxy */ = {
			isa = PBXContainerItemProxy;
			containerPortal = 63681BC315B44D710051F1B7 /* SDWebImage.xcodeproj */;
			proxyType = 2;
			remoteGlobalIDString = 53922D6F148C55820056699D;
			remoteInfo = SDWebImage;
		};
		63681BCB15B44D720051F1B7 /* PBXContainerItemProxy */ = {
			isa = PBXContainerItemProxy;
			containerPortal = 63681BC315B44D710051F1B7 /* SDWebImage.xcodeproj */;
			proxyType = 2;
			remoteGlobalIDString = 53761325155AD0D5005750A4;
			remoteInfo = "SDWebImage ARC";
		};
		63681BCD15B44D720051F1B7 /* PBXContainerItemProxy */ = {
			isa = PBXContainerItemProxy;
			containerPortal = 63681BC315B44D710051F1B7 /* SDWebImage.xcodeproj */;
			proxyType = 2;
			remoteGlobalIDString = 531041E0157EAFA400BBABC3;
			remoteInfo = "SDWebImage ARC+MKAnnotation";
		};
		63681BE415B44E440051F1B7 /* PBXContainerItemProxy */ = {
			isa = PBXContainerItemProxy;
			containerPortal = 63681BC315B44D710051F1B7 /* SDWebImage.xcodeproj */;
			proxyType = 1;
			remoteGlobalIDString = 53761307155AD0D5005750A4;
			remoteInfo = "SDWebImage ARC";
		};
		63EF254D158C6033004E2BFB /* PBXContainerItemProxy */ = {
			isa = PBXContainerItemProxy;
			containerPortal = 63EF2513158C6033004E2BFB /* Project object */;
			proxyType = 1;
			remoteGlobalIDString = 63EF251B158C6033004E2BFB;
			remoteInfo = WildJunket;
		};
/* End PBXContainerItemProxy section */

/* Begin PBXFileReference section */
		631CF5DF15B40ED50043EE5A /* TFHpple.h */ = {isa = PBXFileReference; fileEncoding = 4; lastKnownFileType = sourcecode.c.h; path = TFHpple.h; sourceTree = "<group>"; };
		631CF5E015B40ED50043EE5A /* TFHpple.m */ = {isa = PBXFileReference; fileEncoding = 4; lastKnownFileType = sourcecode.c.objc; path = TFHpple.m; sourceTree = "<group>"; };
		631CF5E115B40ED50043EE5A /* TFHppleElement.h */ = {isa = PBXFileReference; fileEncoding = 4; lastKnownFileType = sourcecode.c.h; path = TFHppleElement.h; sourceTree = "<group>"; };
		631CF5E215B40ED50043EE5A /* TFHppleElement.m */ = {isa = PBXFileReference; fileEncoding = 4; lastKnownFileType = sourcecode.c.objc; path = TFHppleElement.m; sourceTree = "<group>"; };
		631CF5E315B40ED50043EE5A /* XPathQuery.h */ = {isa = PBXFileReference; fileEncoding = 4; lastKnownFileType = sourcecode.c.h; path = XPathQuery.h; sourceTree = "<group>"; };
		631CF5E415B40ED50043EE5A /* XPathQuery.m */ = {isa = PBXFileReference; fileEncoding = 4; lastKnownFileType = sourcecode.c.objc; path = XPathQuery.m; sourceTree = "<group>"; };
		631CF5E815B410B30043EE5A /* libxml2.dylib */ = {isa = PBXFileReference; lastKnownFileType = "compiled.mach-o.dylib"; name = libxml2.dylib; path = usr/lib/libxml2.dylib; sourceTree = SDKROOT; };
		633E9C0515A7A70700DA4C90 /* MKMapView+ZoomLevel.h */ = {isa = PBXFileReference; fileEncoding = 4; lastKnownFileType = sourcecode.c.h; path = "MKMapView+ZoomLevel.h"; sourceTree = "<group>"; };
		633E9C0615A7A70700DA4C90 /* MKMapView+ZoomLevel.m */ = {isa = PBXFileReference; fileEncoding = 4; lastKnownFileType = sourcecode.c.objc; path = "MKMapView+ZoomLevel.m"; sourceTree = "<group>"; };
		6350026915AB820600FC9BCF /* QuartzCore.framework */ = {isa = PBXFileReference; lastKnownFileType = wrapper.framework; name = QuartzCore.framework; path = System/Library/Frameworks/QuartzCore.framework; sourceTree = SDKROOT; };
		6350026B15AB821000FC9BCF /* MessageUI.framework */ = {isa = PBXFileReference; lastKnownFileType = wrapper.framework; name = MessageUI.framework; path = System/Library/Frameworks/MessageUI.framework; sourceTree = SDKROOT; };
		6350026D15AB821E00FC9BCF /* ImageIO.framework */ = {isa = PBXFileReference; lastKnownFileType = wrapper.framework; name = ImageIO.framework; path = System/Library/Frameworks/ImageIO.framework; sourceTree = SDKROOT; };
		6350027015AB92B100FC9BCF /* CGPDFDocument.h */ = {isa = PBXFileReference; fileEncoding = 4; lastKnownFileType = sourcecode.c.h; path = CGPDFDocument.h; sourceTree = "<group>"; };
		6350027115AB92B100FC9BCF /* CGPDFDocument.m */ = {isa = PBXFileReference; fileEncoding = 4; lastKnownFileType = sourcecode.c.objc; path = CGPDFDocument.m; sourceTree = "<group>"; };
		6350027215AB92B100FC9BCF /* ReaderConstants.h */ = {isa = PBXFileReference; fileEncoding = 4; lastKnownFileType = sourcecode.c.h; path = ReaderConstants.h; sourceTree = "<group>"; };
		6350027315AB92B100FC9BCF /* ReaderConstants.m */ = {isa = PBXFileReference; fileEncoding = 4; lastKnownFileType = sourcecode.c.objc; path = ReaderConstants.m; sourceTree = "<group>"; };
		6350027415AB92B100FC9BCF /* ReaderContentPage.h */ = {isa = PBXFileReference; fileEncoding = 4; lastKnownFileType = sourcecode.c.h; path = ReaderContentPage.h; sourceTree = "<group>"; };
		6350027515AB92B100FC9BCF /* ReaderContentPage.m */ = {isa = PBXFileReference; fileEncoding = 4; lastKnownFileType = sourcecode.c.objc; path = ReaderContentPage.m; sourceTree = "<group>"; };
		6350027615AB92B100FC9BCF /* ReaderContentTile.h */ = {isa = PBXFileReference; fileEncoding = 4; lastKnownFileType = sourcecode.c.h; path = ReaderContentTile.h; sourceTree = "<group>"; };
		6350027715AB92B100FC9BCF /* ReaderContentTile.m */ = {isa = PBXFileReference; fileEncoding = 4; lastKnownFileType = sourcecode.c.objc; path = ReaderContentTile.m; sourceTree = "<group>"; };
		6350027815AB92B100FC9BCF /* ReaderContentView.h */ = {isa = PBXFileReference; fileEncoding = 4; lastKnownFileType = sourcecode.c.h; path = ReaderContentView.h; sourceTree = "<group>"; };
		6350027915AB92B100FC9BCF /* ReaderContentView.m */ = {isa = PBXFileReference; fileEncoding = 4; lastKnownFileType = sourcecode.c.objc; path = ReaderContentView.m; sourceTree = "<group>"; };
		6350027A15AB92B100FC9BCF /* ReaderDocument.h */ = {isa = PBXFileReference; fileEncoding = 4; lastKnownFileType = sourcecode.c.h; path = ReaderDocument.h; sourceTree = "<group>"; };
		6350027B15AB92B100FC9BCF /* ReaderDocument.m */ = {isa = PBXFileReference; fileEncoding = 4; lastKnownFileType = sourcecode.c.objc; path = ReaderDocument.m; sourceTree = "<group>"; };
		6350027C15AB92B100FC9BCF /* ReaderMainPagebar.h */ = {isa = PBXFileReference; fileEncoding = 4; lastKnownFileType = sourcecode.c.h; path = ReaderMainPagebar.h; sourceTree = "<group>"; };
		6350027D15AB92B100FC9BCF /* ReaderMainPagebar.m */ = {isa = PBXFileReference; fileEncoding = 4; lastKnownFileType = sourcecode.c.objc; path = ReaderMainPagebar.m; sourceTree = "<group>"; };
		6350027E15AB92B100FC9BCF /* ReaderMainToolbar.h */ = {isa = PBXFileReference; fileEncoding = 4; lastKnownFileType = sourcecode.c.h; path = ReaderMainToolbar.h; sourceTree = "<group>"; };
		6350027F15AB92B100FC9BCF /* ReaderMainToolbar.m */ = {isa = PBXFileReference; fileEncoding = 4; lastKnownFileType = sourcecode.c.objc; path = ReaderMainToolbar.m; sourceTree = "<group>"; };
		6350028015AB92B100FC9BCF /* ReaderThumbCache.h */ = {isa = PBXFileReference; fileEncoding = 4; lastKnownFileType = sourcecode.c.h; path = ReaderThumbCache.h; sourceTree = "<group>"; };
		6350028115AB92B100FC9BCF /* ReaderThumbCache.m */ = {isa = PBXFileReference; fileEncoding = 4; lastKnownFileType = sourcecode.c.objc; path = ReaderThumbCache.m; sourceTree = "<group>"; };
		6350028215AB92B100FC9BCF /* ReaderThumbFetch.h */ = {isa = PBXFileReference; fileEncoding = 4; lastKnownFileType = sourcecode.c.h; path = ReaderThumbFetch.h; sourceTree = "<group>"; };
		6350028315AB92B100FC9BCF /* ReaderThumbFetch.m */ = {isa = PBXFileReference; fileEncoding = 4; lastKnownFileType = sourcecode.c.objc; path = ReaderThumbFetch.m; sourceTree = "<group>"; };
		6350028415AB92B100FC9BCF /* ReaderThumbQueue.h */ = {isa = PBXFileReference; fileEncoding = 4; lastKnownFileType = sourcecode.c.h; path = ReaderThumbQueue.h; sourceTree = "<group>"; };
		6350028515AB92B100FC9BCF /* ReaderThumbQueue.m */ = {isa = PBXFileReference; fileEncoding = 4; lastKnownFileType = sourcecode.c.objc; path = ReaderThumbQueue.m; sourceTree = "<group>"; };
		6350028615AB92B100FC9BCF /* ReaderThumbRender.h */ = {isa = PBXFileReference; fileEncoding = 4; lastKnownFileType = sourcecode.c.h; path = ReaderThumbRender.h; sourceTree = "<group>"; };
		6350028715AB92B100FC9BCF /* ReaderThumbRender.m */ = {isa = PBXFileReference; fileEncoding = 4; lastKnownFileType = sourcecode.c.objc; path = ReaderThumbRender.m; sourceTree = "<group>"; };
		6350028815AB92B100FC9BCF /* ReaderThumbRequest.h */ = {isa = PBXFileReference; fileEncoding = 4; lastKnownFileType = sourcecode.c.h; path = ReaderThumbRequest.h; sourceTree = "<group>"; };
		6350028915AB92B100FC9BCF /* ReaderThumbRequest.m */ = {isa = PBXFileReference; fileEncoding = 4; lastKnownFileType = sourcecode.c.objc; path = ReaderThumbRequest.m; sourceTree = "<group>"; };
		6350028A15AB92B100FC9BCF /* ReaderThumbsView.h */ = {isa = PBXFileReference; fileEncoding = 4; lastKnownFileType = sourcecode.c.h; path = ReaderThumbsView.h; sourceTree = "<group>"; };
		6350028B15AB92B100FC9BCF /* ReaderThumbsView.m */ = {isa = PBXFileReference; fileEncoding = 4; lastKnownFileType = sourcecode.c.objc; path = ReaderThumbsView.m; sourceTree = "<group>"; };
		6350028C15AB92B100FC9BCF /* ReaderThumbView.h */ = {isa = PBXFileReference; fileEncoding = 4; lastKnownFileType = sourcecode.c.h; path = ReaderThumbView.h; sourceTree = "<group>"; };
		6350028D15AB92B100FC9BCF /* ReaderThumbView.m */ = {isa = PBXFileReference; fileEncoding = 4; lastKnownFileType = sourcecode.c.objc; path = ReaderThumbView.m; sourceTree = "<group>"; };
		6350028E15AB92B100FC9BCF /* ReaderViewController.h */ = {isa = PBXFileReference; fileEncoding = 4; lastKnownFileType = sourcecode.c.h; path = ReaderViewController.h; sourceTree = "<group>"; };
		6350028F15AB92B100FC9BCF /* ReaderViewController.m */ = {isa = PBXFileReference; fileEncoding = 4; lastKnownFileType = sourcecode.c.objc; path = ReaderViewController.m; sourceTree = "<group>"; };
		6350029015AB92B100FC9BCF /* ThumbsMainToolbar.h */ = {isa = PBXFileReference; fileEncoding = 4; lastKnownFileType = sourcecode.c.h; path = ThumbsMainToolbar.h; sourceTree = "<group>"; };
		6350029115AB92B100FC9BCF /* ThumbsMainToolbar.m */ = {isa = PBXFileReference; fileEncoding = 4; lastKnownFileType = sourcecode.c.objc; path = ThumbsMainToolbar.m; sourceTree = "<group>"; };
		6350029215AB92B100FC9BCF /* ThumbsViewController.h */ = {isa = PBXFileReference; fileEncoding = 4; lastKnownFileType = sourcecode.c.h; path = ThumbsViewController.h; sourceTree = "<group>"; };
		6350029315AB92B100FC9BCF /* ThumbsViewController.m */ = {isa = PBXFileReference; fileEncoding = 4; lastKnownFileType = sourcecode.c.objc; path = ThumbsViewController.m; sourceTree = "<group>"; };
		6350029415AB92B100FC9BCF /* UIXToolbarView.h */ = {isa = PBXFileReference; fileEncoding = 4; lastKnownFileType = sourcecode.c.h; path = UIXToolbarView.h; sourceTree = "<group>"; };
		6350029515AB92B100FC9BCF /* UIXToolbarView.m */ = {isa = PBXFileReference; fileEncoding = 4; lastKnownFileType = sourcecode.c.objc; path = UIXToolbarView.m; sourceTree = "<group>"; };
		635002AD15AB92D000FC9BCF /* Reader-Button-H.png */ = {isa = PBXFileReference; lastKnownFileType = image.png; path = "Reader-Button-H.png"; sourceTree = "<group>"; };
		635002AE15AB92D000FC9BCF /* Reader-Button-H@2x.png */ = {isa = PBXFileReference; lastKnownFileType = image.png; path = "Reader-Button-H@2x.png"; sourceTree = "<group>"; };
		635002AF15AB92D000FC9BCF /* Reader-Button-N.png */ = {isa = PBXFileReference; lastKnownFileType = image.png; path = "Reader-Button-N.png"; sourceTree = "<group>"; };
		635002B015AB92D000FC9BCF /* Reader-Button-N@2x.png */ = {isa = PBXFileReference; lastKnownFileType = image.png; path = "Reader-Button-N@2x.png"; sourceTree = "<group>"; };
		635002B115AB92D000FC9BCF /* Reader-Email.png */ = {isa = PBXFileReference; lastKnownFileType = image.png; path = "Reader-Email.png"; sourceTree = "<group>"; };
		635002B215AB92D000FC9BCF /* Reader-Email@2x.png */ = {isa = PBXFileReference; lastKnownFileType = image.png; path = "Reader-Email@2x.png"; sourceTree = "<group>"; };
		635002B315AB92D000FC9BCF /* Reader-Mark-N.png */ = {isa = PBXFileReference; lastKnownFileType = image.png; path = "Reader-Mark-N.png"; sourceTree = "<group>"; };
		635002B415AB92D000FC9BCF /* Reader-Mark-N@2x.png */ = {isa = PBXFileReference; lastKnownFileType = image.png; path = "Reader-Mark-N@2x.png"; sourceTree = "<group>"; };
		635002B515AB92D000FC9BCF /* Reader-Mark-Y.png */ = {isa = PBXFileReference; lastKnownFileType = image.png; path = "Reader-Mark-Y.png"; sourceTree = "<group>"; };
		635002B615AB92D000FC9BCF /* Reader-Mark-Y@2x.png */ = {isa = PBXFileReference; lastKnownFileType = image.png; path = "Reader-Mark-Y@2x.png"; sourceTree = "<group>"; };
		635002B715AB92D000FC9BCF /* Reader-Print.png */ = {isa = PBXFileReference; lastKnownFileType = image.png; path = "Reader-Print.png"; sourceTree = "<group>"; };
		635002B815AB92D000FC9BCF /* Reader-Print@2x.png */ = {isa = PBXFileReference; lastKnownFileType = image.png; path = "Reader-Print@2x.png"; sourceTree = "<group>"; };
		635002B915AB92D000FC9BCF /* Reader-Thumbs.png */ = {isa = PBXFileReference; lastKnownFileType = image.png; path = "Reader-Thumbs.png"; sourceTree = "<group>"; };
		635002BA15AB92D000FC9BCF /* Reader-Thumbs@2x.png */ = {isa = PBXFileReference; lastKnownFileType = image.png; path = "Reader-Thumbs@2x.png"; sourceTree = "<group>"; };
		635002CD15AB964E00FC9BCF /* wildjunket.pdf */ = {isa = PBXFileReference; lastKnownFileType = image.pdf; path = wildjunket.pdf; sourceTree = "<group>"; };
		6360FC9C15B6B8AD00A58518 /* tab-selected-new.png */ = {isa = PBXFileReference; lastKnownFileType = image.png; path = "tab-selected-new.png"; sourceTree = "<group>"; };
		6360FC9E15B7135100A58518 /* tab-selected-new@2x.png */ = {isa = PBXFileReference; lastKnownFileType = image.png; path = "tab-selected-new@2x.png"; sourceTree = "<group>"; };
		636729D315A4BAEE00A54ACE /* RSSNavViewController.h */ = {isa = PBXFileReference; fileEncoding = 4; lastKnownFileType = sourcecode.c.h; path = RSSNavViewController.h; sourceTree = "<group>"; };
		636729D415A4BAEE00A54ACE /* RSSNavViewController.m */ = {isa = PBXFileReference; fileEncoding = 4; lastKnownFileType = sourcecode.c.objc; path = RSSNavViewController.m; sourceTree = "<group>"; };
		63681BC315B44D710051F1B7 /* SDWebImage.xcodeproj */ = {isa = PBXFileReference; lastKnownFileType = "wrapper.pb-project"; name = SDWebImage.xcodeproj; path = ../SDWebImage/SDWebImage.xcodeproj; sourceTree = "<group>"; };
		63ABEE4215A33831008F8C16 /* mapmarker@2x.png */ = {isa = PBXFileReference; lastKnownFileType = image.png; path = "mapmarker@2x.png"; sourceTree = "<group>"; };
		63ABEE4315A33831008F8C16 /* 38-airplane@2x.png */ = {isa = PBXFileReference; lastKnownFileType = image.png; path = "38-airplane@2x.png"; sourceTree = "<group>"; };
		63ABEE4415A33831008F8C16 /* 56-feed@2x.png */ = {isa = PBXFileReference; lastKnownFileType = image.png; path = "56-feed@2x.png"; sourceTree = "<group>"; };
		63ABEE4515A33831008F8C16 /* 59-info@2x.png */ = {isa = PBXFileReference; lastKnownFileType = image.png; path = "59-info@2x.png"; sourceTree = "<group>"; };
		63ABEE4615A33831008F8C16 /* 71-compass@2x.png */ = {isa = PBXFileReference; lastKnownFileType = image.png; path = "71-compass@2x.png"; sourceTree = "<group>"; };
		63ABEE4715A33831008F8C16 /* 86-camera@2x.png */ = {isa = PBXFileReference; lastKnownFileType = image.png; path = "86-camera@2x.png"; sourceTree = "<group>"; };
		63ABEE4E15A338D1008F8C16 /* mapmarker.png */ = {isa = PBXFileReference; lastKnownFileType = image.png; path = mapmarker.png; sourceTree = "<group>"; };
		63ABEE4F15A338D1008F8C16 /* 38-airplane.png */ = {isa = PBXFileReference; lastKnownFileType = image.png; path = "38-airplane.png"; sourceTree = "<group>"; };
		63ABEE5015A338D1008F8C16 /* 56-feed.png */ = {isa = PBXFileReference; lastKnownFileType = image.png; path = "56-feed.png"; sourceTree = "<group>"; };
		63ABEE5115A338D1008F8C16 /* 59-info.png */ = {isa = PBXFileReference; lastKnownFileType = image.png; path = "59-info.png"; sourceTree = "<group>"; };
		63ABEE5215A338D1008F8C16 /* 71-compass.png */ = {isa = PBXFileReference; lastKnownFileType = image.png; path = "71-compass.png"; sourceTree = "<group>"; };
		63ABEE5315A338D1008F8C16 /* 86-camera.png */ = {isa = PBXFileReference; lastKnownFileType = image.png; path = "86-camera.png"; sourceTree = "<group>"; };
		63BB49F515B4BEBE00CAE398 /* back-button.png */ = {isa = PBXFileReference; lastKnownFileType = image.png; path = "back-button.png"; sourceTree = "<group>"; };
		63BB49F615B4BEBE00CAE398 /* back-button@2x.png */ = {isa = PBXFileReference; lastKnownFileType = image.png; path = "back-button@2x.png"; sourceTree = "<group>"; };
		63BB49F715B4BEBE00CAE398 /* bar-button.png */ = {isa = PBXFileReference; lastKnownFileType = image.png; path = "bar-button.png"; sourceTree = "<group>"; };
		63BB49F815B4BEBE00CAE398 /* bar-button@2x.png */ = {isa = PBXFileReference; lastKnownFileType = image.png; path = "bar-button@2x.png"; sourceTree = "<group>"; };
		63BB49F915B4BEBE00CAE398 /* nav-bar.png */ = {isa = PBXFileReference; lastKnownFileType = image.png; path = "nav-bar.png"; sourceTree = "<group>"; };
		63BB49FA15B4BEBE00CAE398 /* nav-bar@2x.png */ = {isa = PBXFileReference; lastKnownFileType = image.png; path = "nav-bar@2x.png"; sourceTree = "<group>"; };
		63BB4CED15B4CBD400CAE398 /* nav-bar-landscape.png */ = {isa = PBXFileReference; lastKnownFileType = image.png; path = "nav-bar-landscape.png"; sourceTree = "<group>"; };
		63BB4CEE15B4CBD400CAE398 /* nav-bar-landscape@2x.png */ = {isa = PBXFileReference; lastKnownFileType = image.png; path = "nav-bar-landscape@2x.png"; sourceTree = "<group>"; };
		63BB4CF915B4CFC700CAE398 /* back-button-landscape.png */ = {isa = PBXFileReference; lastKnownFileType = image.png; path = "back-button-landscape.png"; sourceTree = "<group>"; };
		63BB4CFA15B4CFC700CAE398 /* back-button-landscape@2x.png */ = {isa = PBXFileReference; lastKnownFileType = image.png; path = "back-button-landscape@2x.png"; sourceTree = "<group>"; };
		63BB4CFB15B4CFC700CAE398 /* bar-button-landscape.png */ = {isa = PBXFileReference; lastKnownFileType = image.png; path = "bar-button-landscape.png"; sourceTree = "<group>"; };
		63BB4CFC15B4CFC700CAE398 /* bar-button-landscape@2x.png */ = {isa = PBXFileReference; lastKnownFileType = image.png; path = "bar-button-landscape@2x.png"; sourceTree = "<group>"; };
		63C6187315B69E2600C3AE92 /* tab-bar@2x.png */ = {isa = PBXFileReference; lastKnownFileType = image.png; path = "tab-bar@2x.png"; sourceTree = "<group>"; };
		63C6187415B69E2600C3AE92 /* tab-bar.png */ = {isa = PBXFileReference; lastKnownFileType = image.png; path = "tab-bar.png"; sourceTree = "<group>"; };
		63CF5C0D15B42949000B3D46 /* RSSCell.h */ = {isa = PBXFileReference; fileEncoding = 4; lastKnownFileType = sourcecode.c.h; path = RSSCell.h; sourceTree = "<group>"; };
		63CF5C0E15B42949000B3D46 /* RSSCell.m */ = {isa = PBXFileReference; fileEncoding = 4; lastKnownFileType = sourcecode.c.objc; path = RSSCell.m; sourceTree = "<group>"; };
		63CF5C1515B43B46000B3D46 /* placeholder.png */ = {isa = PBXFileReference; lastKnownFileType = image.png; path = placeholder.png; sourceTree = "<group>"; };
		63DC11D715A5D03500E22683 /* MapKit.framework */ = {isa = PBXFileReference; lastKnownFileType = wrapper.framework; name = MapKit.framework; path = System/Library/Frameworks/MapKit.framework; sourceTree = SDKROOT; };
		63DC11DA15A5D05A00E22683 /* MapViewController.h */ = {isa = PBXFileReference; fileEncoding = 4; lastKnownFileType = sourcecode.c.h; path = MapViewController.h; sourceTree = "<group>"; };
		63DC11DB15A5D05A00E22683 /* MapViewController.m */ = {isa = PBXFileReference; fileEncoding = 4; lastKnownFileType = sourcecode.c.objc; path = MapViewController.m; sourceTree = "<group>"; };
		63EE7E6115A4BDD10098FEE8 /* libz.dylib */ = {isa = PBXFileReference; lastKnownFileType = "compiled.mach-o.dylib"; name = libz.dylib; path = usr/lib/libz.dylib; sourceTree = SDKROOT; };
		63EE7E6315A4BDE10098FEE8 /* CFNetwork.framework */ = {isa = PBXFileReference; lastKnownFileType = wrapper.framework; name = CFNetwork.framework; path = System/Library/Frameworks/CFNetwork.framework; sourceTree = SDKROOT; };
		63EE7E6515A4BDEC0098FEE8 /* SystemConfiguration.framework */ = {isa = PBXFileReference; lastKnownFileType = wrapper.framework; name = SystemConfiguration.framework; path = System/Library/Frameworks/SystemConfiguration.framework; sourceTree = SDKROOT; };
		63EE7E6715A4BDF50098FEE8 /* MobileCoreServices.framework */ = {isa = PBXFileReference; lastKnownFileType = wrapper.framework; name = MobileCoreServices.framework; path = System/Library/Frameworks/MobileCoreServices.framework; sourceTree = SDKROOT; };
		63EE7E6C15A4C0380098FEE8 /* RSSEntry.h */ = {isa = PBXFileReference; fileEncoding = 4; lastKnownFileType = sourcecode.c.h; path = RSSEntry.h; sourceTree = "<group>"; };
		63EE7E6D15A4C0380098FEE8 /* RSSEntry.m */ = {isa = PBXFileReference; fileEncoding = 4; lastKnownFileType = sourcecode.c.objc; path = RSSEntry.m; sourceTree = "<group>"; };
		63EE7E7015A4C3980098FEE8 /* RSSTableViewController.h */ = {isa = PBXFileReference; fileEncoding = 4; lastKnownFileType = sourcecode.c.h; path = RSSTableViewController.h; sourceTree = "<group>"; };
		63EE7E7115A4C3980098FEE8 /* RSSTableViewController.m */ = {isa = PBXFileReference; fileEncoding = 4; lastKnownFileType = sourcecode.c.objc; path = RSSTableViewController.m; sourceTree = "<group>"; };
		63EE7E9315A4C88F0098FEE8 /* ASIAuthenticationDialog.h */ = {isa = PBXFileReference; fileEncoding = 4; lastKnownFileType = sourcecode.c.h; path = ASIAuthenticationDialog.h; sourceTree = "<group>"; };
		63EE7E9415A4C88F0098FEE8 /* ASIAuthenticationDialog.m */ = {isa = PBXFileReference; fileEncoding = 4; lastKnownFileType = sourcecode.c.objc; path = ASIAuthenticationDialog.m; sourceTree = "<group>"; };
		63EE7E9515A4C88F0098FEE8 /* ASICacheDelegate.h */ = {isa = PBXFileReference; fileEncoding = 4; lastKnownFileType = sourcecode.c.h; path = ASICacheDelegate.h; sourceTree = "<group>"; };
		63EE7E9615A4C88F0098FEE8 /* ASIDataCompressor.h */ = {isa = PBXFileReference; fileEncoding = 4; lastKnownFileType = sourcecode.c.h; path = ASIDataCompressor.h; sourceTree = "<group>"; };
		63EE7E9715A4C88F0098FEE8 /* ASIDataCompressor.m */ = {isa = PBXFileReference; fileEncoding = 4; lastKnownFileType = sourcecode.c.objc; path = ASIDataCompressor.m; sourceTree = "<group>"; };
		63EE7E9815A4C88F0098FEE8 /* ASIDataDecompressor.h */ = {isa = PBXFileReference; fileEncoding = 4; lastKnownFileType = sourcecode.c.h; path = ASIDataDecompressor.h; sourceTree = "<group>"; };
		63EE7E9915A4C88F0098FEE8 /* ASIDataDecompressor.m */ = {isa = PBXFileReference; fileEncoding = 4; lastKnownFileType = sourcecode.c.objc; path = ASIDataDecompressor.m; sourceTree = "<group>"; };
		63EE7E9A15A4C88F0098FEE8 /* ASIDownloadCache.h */ = {isa = PBXFileReference; fileEncoding = 4; lastKnownFileType = sourcecode.c.h; path = ASIDownloadCache.h; sourceTree = "<group>"; };
		63EE7E9B15A4C88F0098FEE8 /* ASIDownloadCache.m */ = {isa = PBXFileReference; fileEncoding = 4; lastKnownFileType = sourcecode.c.objc; path = ASIDownloadCache.m; sourceTree = "<group>"; };
		63EE7E9C15A4C88F0098FEE8 /* ASIFormDataRequest.h */ = {isa = PBXFileReference; fileEncoding = 4; lastKnownFileType = sourcecode.c.h; path = ASIFormDataRequest.h; sourceTree = "<group>"; };
		63EE7E9D15A4C88F0098FEE8 /* ASIFormDataRequest.m */ = {isa = PBXFileReference; fileEncoding = 4; lastKnownFileType = sourcecode.c.objc; path = ASIFormDataRequest.m; sourceTree = "<group>"; };
		63EE7E9E15A4C88F0098FEE8 /* ASIHTTPRequest.h */ = {isa = PBXFileReference; fileEncoding = 4; lastKnownFileType = sourcecode.c.h; path = ASIHTTPRequest.h; sourceTree = "<group>"; };
		63EE7E9F15A4C88F0098FEE8 /* ASIHTTPRequest.m */ = {isa = PBXFileReference; fileEncoding = 4; lastKnownFileType = sourcecode.c.objc; path = ASIHTTPRequest.m; sourceTree = "<group>"; };
		63EE7EA015A4C88F0098FEE8 /* ASIHTTPRequestConfig.h */ = {isa = PBXFileReference; fileEncoding = 4; lastKnownFileType = sourcecode.c.h; path = ASIHTTPRequestConfig.h; sourceTree = "<group>"; };
		63EE7EA115A4C88F0098FEE8 /* ASIHTTPRequestDelegate.h */ = {isa = PBXFileReference; fileEncoding = 4; lastKnownFileType = sourcecode.c.h; path = ASIHTTPRequestDelegate.h; sourceTree = "<group>"; };
		63EE7EA215A4C88F0098FEE8 /* ASIInputStream.h */ = {isa = PBXFileReference; fileEncoding = 4; lastKnownFileType = sourcecode.c.h; path = ASIInputStream.h; sourceTree = "<group>"; };
		63EE7EA315A4C88F0098FEE8 /* ASIInputStream.m */ = {isa = PBXFileReference; fileEncoding = 4; lastKnownFileType = sourcecode.c.objc; path = ASIInputStream.m; sourceTree = "<group>"; };
		63EE7EA415A4C88F0098FEE8 /* ASINetworkQueue.h */ = {isa = PBXFileReference; fileEncoding = 4; lastKnownFileType = sourcecode.c.h; path = ASINetworkQueue.h; sourceTree = "<group>"; };
		63EE7EA515A4C88F0098FEE8 /* ASINetworkQueue.m */ = {isa = PBXFileReference; fileEncoding = 4; lastKnownFileType = sourcecode.c.objc; path = ASINetworkQueue.m; sourceTree = "<group>"; };
		63EE7EA615A4C88F0098FEE8 /* ASIProgressDelegate.h */ = {isa = PBXFileReference; fileEncoding = 4; lastKnownFileType = sourcecode.c.h; path = ASIProgressDelegate.h; sourceTree = "<group>"; };
		63EE7EA715A4C88F0098FEE8 /* Reachability.h */ = {isa = PBXFileReference; fileEncoding = 4; lastKnownFileType = sourcecode.c.h; path = Reachability.h; sourceTree = "<group>"; };
		63EE7EA815A4C88F0098FEE8 /* Reachability.m */ = {isa = PBXFileReference; fileEncoding = 4; lastKnownFileType = sourcecode.c.objc; path = Reachability.m; sourceTree = "<group>"; };
		63EE7EB315A4D0280098FEE8 /* GDataXMLElement-Extras.h */ = {isa = PBXFileReference; fileEncoding = 4; lastKnownFileType = sourcecode.c.h; path = "GDataXMLElement-Extras.h"; sourceTree = "<group>"; };
		63EE7EB415A4D0280098FEE8 /* GDataXMLElement-Extras.m */ = {isa = PBXFileReference; fileEncoding = 4; lastKnownFileType = sourcecode.c.objc; path = "GDataXMLElement-Extras.m"; sourceTree = "<group>"; };
		63EE7EB515A4D0280098FEE8 /* GDataXMLNode.h */ = {isa = PBXFileReference; fileEncoding = 4; lastKnownFileType = sourcecode.c.h; path = GDataXMLNode.h; sourceTree = "<group>"; };
		63EE7EB615A4D0280098FEE8 /* GDataXMLNode.m */ = {isa = PBXFileReference; fileEncoding = 4; lastKnownFileType = sourcecode.c.objc; path = GDataXMLNode.m; sourceTree = "<group>"; };
		63EE7EB915A4DDB90098FEE8 /* NSArray+Extras.h */ = {isa = PBXFileReference; fileEncoding = 4; lastKnownFileType = sourcecode.c.h; path = "NSArray+Extras.h"; sourceTree = "<group>"; };
		63EE7EBA15A4DDB90098FEE8 /* NSArray+Extras.m */ = {isa = PBXFileReference; fileEncoding = 4; lastKnownFileType = sourcecode.c.objc; path = "NSArray+Extras.m"; sourceTree = "<group>"; };
		63EE7EBB15A4DDB90098FEE8 /* NSDate+InternetDateTime.h */ = {isa = PBXFileReference; fileEncoding = 4; lastKnownFileType = sourcecode.c.h; path = "NSDate+InternetDateTime.h"; sourceTree = "<group>"; };
		63EE7EBC15A4DDB90098FEE8 /* NSDate+InternetDateTime.m */ = {isa = PBXFileReference; fileEncoding = 4; lastKnownFileType = sourcecode.c.objc; path = "NSDate+InternetDateTime.m"; sourceTree = "<group>"; };
		63EE7EBF15A4DF290098FEE8 /* RSSFeedWebViewControler.h */ = {isa = PBXFileReference; fileEncoding = 4; lastKnownFileType = sourcecode.c.h; path = RSSFeedWebViewControler.h; sourceTree = "<group>"; };
		63EE7EC015A4DF290098FEE8 /* RSSFeedWebViewControler.m */ = {isa = PBXFileReference; fileEncoding = 4; lastKnownFileType = sourcecode.c.objc; path = RSSFeedWebViewControler.m; sourceTree = "<group>"; };
		63EF251C158C6033004E2BFB /* WildJunket.app */ = {isa = PBXFileReference; explicitFileType = wrapper.application; includeInIndex = 0; path = WildJunket.app; sourceTree = BUILT_PRODUCTS_DIR; };
		63EF2520158C6033004E2BFB /* UIKit.framework */ = {isa = PBXFileReference; lastKnownFileType = wrapper.framework; name = UIKit.framework; path = System/Library/Frameworks/UIKit.framework; sourceTree = SDKROOT; };
		63EF2522158C6033004E2BFB /* Foundation.framework */ = {isa = PBXFileReference; lastKnownFileType = wrapper.framework; name = Foundation.framework; path = System/Library/Frameworks/Foundation.framework; sourceTree = SDKROOT; };
		63EF2524158C6033004E2BFB /* CoreGraphics.framework */ = {isa = PBXFileReference; lastKnownFileType = wrapper.framework; name = CoreGraphics.framework; path = System/Library/Frameworks/CoreGraphics.framework; sourceTree = SDKROOT; };
		63EF2528158C6033004E2BFB /* WildJunket-Info.plist */ = {isa = PBXFileReference; lastKnownFileType = text.plist.xml; path = "WildJunket-Info.plist"; sourceTree = "<group>"; };
		63EF252A158C6033004E2BFB /* en */ = {isa = PBXFileReference; lastKnownFileType = text.plist.strings; name = en; path = en.lproj/InfoPlist.strings; sourceTree = "<group>"; };
		63EF252C158C6033004E2BFB /* main.m */ = {isa = PBXFileReference; lastKnownFileType = sourcecode.c.objc; path = main.m; sourceTree = "<group>"; };
		63EF252E158C6033004E2BFB /* WildJunket-Prefix.pch */ = {isa = PBXFileReference; lastKnownFileType = sourcecode.c.h; path = "WildJunket-Prefix.pch"; sourceTree = "<group>"; };
		63EF252F158C6033004E2BFB /* AppDelegate.h */ = {isa = PBXFileReference; lastKnownFileType = sourcecode.c.h; path = AppDelegate.h; sourceTree = "<group>"; };
		63EF2530158C6033004E2BFB /* AppDelegate.m */ = {isa = PBXFileReference; lastKnownFileType = sourcecode.c.objc; path = AppDelegate.m; sourceTree = "<group>"; };
		63EF2533158C6033004E2BFB /* en */ = {isa = PBXFileReference; lastKnownFileType = file.storyboard; name = en; path = en.lproj/MainStoryboard.storyboard; sourceTree = "<group>"; };
		63EF253C158C6033004E2BFB /* PhotosViewController.h */ = {isa = PBXFileReference; lastKnownFileType = sourcecode.c.h; path = PhotosViewController.h; sourceTree = "<group>"; };
		63EF253D158C6033004E2BFB /* PhotosViewController.m */ = {isa = PBXFileReference; lastKnownFileType = sourcecode.c.objc; path = PhotosViewController.m; sourceTree = "<group>"; };
		63EF2548158C6033004E2BFB /* WildJunketTests.octest */ = {isa = PBXFileReference; explicitFileType = wrapper.cfbundle; includeInIndex = 0; path = WildJunketTests.octest; sourceTree = BUILT_PRODUCTS_DIR; };
		63EF2549158C6033004E2BFB /* SenTestingKit.framework */ = {isa = PBXFileReference; lastKnownFileType = wrapper.framework; name = SenTestingKit.framework; path = Library/Frameworks/SenTestingKit.framework; sourceTree = DEVELOPER_DIR; };
		63EF2551158C6033004E2BFB /* WildJunketTests-Info.plist */ = {isa = PBXFileReference; lastKnownFileType = text.plist.xml; path = "WildJunketTests-Info.plist"; sourceTree = "<group>"; };
		63EF2553158C6033004E2BFB /* en */ = {isa = PBXFileReference; lastKnownFileType = text.plist.strings; name = en; path = en.lproj/InfoPlist.strings; sourceTree = "<group>"; };
		63EF2555158C6033004E2BFB /* WildJunketTests.h */ = {isa = PBXFileReference; lastKnownFileType = sourcecode.c.h; path = WildJunketTests.h; sourceTree = "<group>"; };
		63EF2556158C6033004E2BFB /* WildJunketTests.m */ = {isa = PBXFileReference; lastKnownFileType = sourcecode.c.objc; path = WildJunketTests.m; sourceTree = "<group>"; };
/* End PBXFileReference section */

/* Begin PBXFrameworksBuildPhase section */
		63EF2519158C6033004E2BFB /* Frameworks */ = {
			isa = PBXFrameworksBuildPhase;
			buildActionMask = 2147483647;
			files = (
				63681BE615B44E4A0051F1B7 /* libSDWebImageARC.a in Frameworks */,
				631CF5E915B410B30043EE5A /* libxml2.dylib in Frameworks */,
				6350026E15AB821E00FC9BCF /* ImageIO.framework in Frameworks */,
				6350026C15AB821000FC9BCF /* MessageUI.framework in Frameworks */,
				6350026A15AB820600FC9BCF /* QuartzCore.framework in Frameworks */,
				63DC11D815A5D03500E22683 /* MapKit.framework in Frameworks */,
				63EE7E6815A4BDF50098FEE8 /* MobileCoreServices.framework in Frameworks */,
				63EE7E6615A4BDEC0098FEE8 /* SystemConfiguration.framework in Frameworks */,
				63EE7E6415A4BDE10098FEE8 /* CFNetwork.framework in Frameworks */,
				63EE7E6215A4BDD10098FEE8 /* libz.dylib in Frameworks */,
				63EF2521158C6033004E2BFB /* UIKit.framework in Frameworks */,
				63EF2523158C6033004E2BFB /* Foundation.framework in Frameworks */,
				63EF2525158C6033004E2BFB /* CoreGraphics.framework in Frameworks */,
			);
			runOnlyForDeploymentPostprocessing = 0;
		};
		63EF2544158C6033004E2BFB /* Frameworks */ = {
			isa = PBXFrameworksBuildPhase;
			buildActionMask = 2147483647;
			files = (
				63EF254A158C6033004E2BFB /* SenTestingKit.framework in Frameworks */,
				63EF254B158C6033004E2BFB /* UIKit.framework in Frameworks */,
				63EF254C158C6033004E2BFB /* Foundation.framework in Frameworks */,
			);
			runOnlyForDeploymentPostprocessing = 0;
		};
/* End PBXFrameworksBuildPhase section */

/* Begin PBXGroup section */
		631CF5DD15B40E910043EE5A /* hpple */ = {
			isa = PBXGroup;
			children = (
				631CF5DF15B40ED50043EE5A /* TFHpple.h */,
				631CF5E015B40ED50043EE5A /* TFHpple.m */,
				631CF5E115B40ED50043EE5A /* TFHppleElement.h */,
				631CF5E215B40ED50043EE5A /* TFHppleElement.m */,
				631CF5E315B40ED50043EE5A /* XPathQuery.h */,
				631CF5E415B40ED50043EE5A /* XPathQuery.m */,
			);
			name = hpple;
			sourceTree = "<group>";
		};
		6350026815AB81C400FC9BCF /* Resources */ = {
			isa = PBXGroup;
			children = (
				6360FC9E15B7135100A58518 /* tab-selected-new@2x.png */,
				6360FC9C15B6B8AD00A58518 /* tab-selected-new.png */,
				63C6187315B69E2600C3AE92 /* tab-bar@2x.png */,
				63C6187415B69E2600C3AE92 /* tab-bar.png */,
				63BB4CF915B4CFC700CAE398 /* back-button-landscape.png */,
				63BB4CFA15B4CFC700CAE398 /* back-button-landscape@2x.png */,
				63BB4CFB15B4CFC700CAE398 /* bar-button-landscape.png */,
				63BB4CFC15B4CFC700CAE398 /* bar-button-landscape@2x.png */,
				63BB4CED15B4CBD400CAE398 /* nav-bar-landscape.png */,
				63BB4CEE15B4CBD400CAE398 /* nav-bar-landscape@2x.png */,
				63BB49F515B4BEBE00CAE398 /* back-button.png */,
				63BB49F615B4BEBE00CAE398 /* back-button@2x.png */,
				63BB49F715B4BEBE00CAE398 /* bar-button.png */,
				63BB49F815B4BEBE00CAE398 /* bar-button@2x.png */,
				63BB49F915B4BEBE00CAE398 /* nav-bar.png */,
				63BB49FA15B4BEBE00CAE398 /* nav-bar@2x.png */,
				63CF5C1515B43B46000B3D46 /* placeholder.png */,
				635002CD15AB964E00FC9BCF /* wildjunket.pdf */,
				63ABEE4015A33818008F8C16 /* icons */,
			);
			name = Resources;
			sourceTree = "<group>";
		};
		6350026F15AB929100FC9BCF /* Reader */ = {
			isa = PBXGroup;
			children = (
				6350027015AB92B100FC9BCF /* CGPDFDocument.h */,
				6350027115AB92B100FC9BCF /* CGPDFDocument.m */,
				6350027215AB92B100FC9BCF /* ReaderConstants.h */,
				6350027315AB92B100FC9BCF /* ReaderConstants.m */,
				6350027415AB92B100FC9BCF /* ReaderContentPage.h */,
				6350027515AB92B100FC9BCF /* ReaderContentPage.m */,
				6350027615AB92B100FC9BCF /* ReaderContentTile.h */,
				6350027715AB92B100FC9BCF /* ReaderContentTile.m */,
				6350027815AB92B100FC9BCF /* ReaderContentView.h */,
				6350027915AB92B100FC9BCF /* ReaderContentView.m */,
				6350027A15AB92B100FC9BCF /* ReaderDocument.h */,
				6350027B15AB92B100FC9BCF /* ReaderDocument.m */,
				6350027C15AB92B100FC9BCF /* ReaderMainPagebar.h */,
				6350027D15AB92B100FC9BCF /* ReaderMainPagebar.m */,
				6350027E15AB92B100FC9BCF /* ReaderMainToolbar.h */,
				6350027F15AB92B100FC9BCF /* ReaderMainToolbar.m */,
				6350028015AB92B100FC9BCF /* ReaderThumbCache.h */,
				6350028115AB92B100FC9BCF /* ReaderThumbCache.m */,
				6350028215AB92B100FC9BCF /* ReaderThumbFetch.h */,
				6350028315AB92B100FC9BCF /* ReaderThumbFetch.m */,
				6350028415AB92B100FC9BCF /* ReaderThumbQueue.h */,
				6350028515AB92B100FC9BCF /* ReaderThumbQueue.m */,
				6350028615AB92B100FC9BCF /* ReaderThumbRender.h */,
				6350028715AB92B100FC9BCF /* ReaderThumbRender.m */,
				6350028815AB92B100FC9BCF /* ReaderThumbRequest.h */,
				6350028915AB92B100FC9BCF /* ReaderThumbRequest.m */,
				6350028A15AB92B100FC9BCF /* ReaderThumbsView.h */,
				6350028B15AB92B100FC9BCF /* ReaderThumbsView.m */,
				6350028C15AB92B100FC9BCF /* ReaderThumbView.h */,
				6350028D15AB92B100FC9BCF /* ReaderThumbView.m */,
				6350029015AB92B100FC9BCF /* ThumbsMainToolbar.h */,
				6350029115AB92B100FC9BCF /* ThumbsMainToolbar.m */,
				6350029215AB92B100FC9BCF /* ThumbsViewController.h */,
				6350029315AB92B100FC9BCF /* ThumbsViewController.m */,
				6350029415AB92B100FC9BCF /* UIXToolbarView.h */,
				6350029515AB92B100FC9BCF /* UIXToolbarView.m */,
			);
			name = Reader;
			sourceTree = "<group>";
		};
		635002CF15AB9ABD00FC9BCF /* Controllers */ = {
			isa = PBXGroup;
			children = (
				6350028E15AB92B100FC9BCF /* ReaderViewController.h */,
				6350028F15AB92B100FC9BCF /* ReaderViewController.m */,
				63EE7E7015A4C3980098FEE8 /* RSSTableViewController.h */,
				63EE7E7115A4C3980098FEE8 /* RSSTableViewController.m */,
				63EF253C158C6033004E2BFB /* PhotosViewController.h */,
				63EF253D158C6033004E2BFB /* PhotosViewController.m */,
				636729D315A4BAEE00A54ACE /* RSSNavViewController.h */,
				636729D415A4BAEE00A54ACE /* RSSNavViewController.m */,
				63EE7EBF15A4DF290098FEE8 /* RSSFeedWebViewControler.h */,
				63EE7EC015A4DF290098FEE8 /* RSSFeedWebViewControler.m */,
				63DC11DA15A5D05A00E22683 /* MapViewController.h */,
				63DC11DB15A5D05A00E22683 /* MapViewController.m */,
			);
			name = Controllers;
			sourceTree = "<group>";
		};
		63681BC415B44D710051F1B7 /* Products */ = {
			isa = PBXGroup;
			children = (
				63681BCA15B44D720051F1B7 /* libSDWebImage.a */,
				63681BCC15B44D720051F1B7 /* libSDWebImageARC.a */,
				63681BCE15B44D720051F1B7 /* libSDWebImageARC+MKAnnotation.a */,
			);
			name = Products;
			sourceTree = "<group>";
		};
		63ABEE4015A33818008F8C16 /* icons */ = {
			isa = PBXGroup;
			children = (
				635002AD15AB92D000FC9BCF /* Reader-Button-H.png */,
				635002AE15AB92D000FC9BCF /* Reader-Button-H@2x.png */,
				635002AF15AB92D000FC9BCF /* Reader-Button-N.png */,
				635002B015AB92D000FC9BCF /* Reader-Button-N@2x.png */,
				635002B115AB92D000FC9BCF /* Reader-Email.png */,
				635002B215AB92D000FC9BCF /* Reader-Email@2x.png */,
				635002B315AB92D000FC9BCF /* Reader-Mark-N.png */,
				635002B415AB92D000FC9BCF /* Reader-Mark-N@2x.png */,
				635002B515AB92D000FC9BCF /* Reader-Mark-Y.png */,
				635002B615AB92D000FC9BCF /* Reader-Mark-Y@2x.png */,
				635002B715AB92D000FC9BCF /* Reader-Print.png */,
				635002B815AB92D000FC9BCF /* Reader-Print@2x.png */,
				635002B915AB92D000FC9BCF /* Reader-Thumbs.png */,
				635002BA15AB92D000FC9BCF /* Reader-Thumbs@2x.png */,
				63ABEE4E15A338D1008F8C16 /* mapmarker.png */,
				63ABEE4F15A338D1008F8C16 /* 38-airplane.png */,
				63ABEE5015A338D1008F8C16 /* 56-feed.png */,
				63ABEE5115A338D1008F8C16 /* 59-info.png */,
				63ABEE5215A338D1008F8C16 /* 71-compass.png */,
				63ABEE5315A338D1008F8C16 /* 86-camera.png */,
				63ABEE4215A33831008F8C16 /* mapmarker@2x.png */,
				63ABEE4315A33831008F8C16 /* 38-airplane@2x.png */,
				63ABEE4415A33831008F8C16 /* 56-feed@2x.png */,
				63ABEE4515A33831008F8C16 /* 59-info@2x.png */,
				63ABEE4615A33831008F8C16 /* 71-compass@2x.png */,
				63ABEE4715A33831008F8C16 /* 86-camera@2x.png */,
			);
			name = icons;
			sourceTree = "<group>";
		};
		63EE7E6F15A4C0470098FEE8 /* Classes */ = {
			isa = PBXGroup;
			children = (
				63EE7EB915A4DDB90098FEE8 /* NSArray+Extras.h */,
				63EE7EBA15A4DDB90098FEE8 /* NSArray+Extras.m */,
				63EE7EBB15A4DDB90098FEE8 /* NSDate+InternetDateTime.h */,
				63EE7EBC15A4DDB90098FEE8 /* NSDate+InternetDateTime.m */,
				63EE7E6C15A4C0380098FEE8 /* RSSEntry.h */,
				63EE7E6D15A4C0380098FEE8 /* RSSEntry.m */,
				633E9C0515A7A70700DA4C90 /* MKMapView+ZoomLevel.h */,
				633E9C0615A7A70700DA4C90 /* MKMapView+ZoomLevel.m */,
				63CF5C0D15B42949000B3D46 /* RSSCell.h */,
				63CF5C0E15B42949000B3D46 /* RSSCell.m */,
			);
			name = Classes;
			sourceTree = "<group>";
		};
		63EE7E7315A4C4690098FEE8 /* ASIHTTPRequest */ = {
			isa = PBXGroup;
			children = (
				63EE7E9315A4C88F0098FEE8 /* ASIAuthenticationDialog.h */,
				63EE7E9415A4C88F0098FEE8 /* ASIAuthenticationDialog.m */,
				63EE7E9515A4C88F0098FEE8 /* ASICacheDelegate.h */,
				63EE7E9615A4C88F0098FEE8 /* ASIDataCompressor.h */,
				63EE7E9715A4C88F0098FEE8 /* ASIDataCompressor.m */,
				63EE7E9815A4C88F0098FEE8 /* ASIDataDecompressor.h */,
				63EE7E9915A4C88F0098FEE8 /* ASIDataDecompressor.m */,
				63EE7E9A15A4C88F0098FEE8 /* ASIDownloadCache.h */,
				63EE7E9B15A4C88F0098FEE8 /* ASIDownloadCache.m */,
				63EE7E9C15A4C88F0098FEE8 /* ASIFormDataRequest.h */,
				63EE7E9D15A4C88F0098FEE8 /* ASIFormDataRequest.m */,
				63EE7E9E15A4C88F0098FEE8 /* ASIHTTPRequest.h */,
				63EE7E9F15A4C88F0098FEE8 /* ASIHTTPRequest.m */,
				63EE7EA015A4C88F0098FEE8 /* ASIHTTPRequestConfig.h */,
				63EE7EA115A4C88F0098FEE8 /* ASIHTTPRequestDelegate.h */,
				63EE7EA215A4C88F0098FEE8 /* ASIInputStream.h */,
				63EE7EA315A4C88F0098FEE8 /* ASIInputStream.m */,
				63EE7EA415A4C88F0098FEE8 /* ASINetworkQueue.h */,
				63EE7EA515A4C88F0098FEE8 /* ASINetworkQueue.m */,
				63EE7EA615A4C88F0098FEE8 /* ASIProgressDelegate.h */,
				63EE7EA715A4C88F0098FEE8 /* Reachability.h */,
				63EE7EA815A4C88F0098FEE8 /* Reachability.m */,
			);
			path = ASIHTTPRequest;
			sourceTree = "<group>";
		};
		63EE7EB215A4CFFF0098FEE8 /* GDataXML */ = {
			isa = PBXGroup;
			children = (
				63EE7EB315A4D0280098FEE8 /* GDataXMLElement-Extras.h */,
				63EE7EB415A4D0280098FEE8 /* GDataXMLElement-Extras.m */,
				63EE7EB515A4D0280098FEE8 /* GDataXMLNode.h */,
				63EE7EB615A4D0280098FEE8 /* GDataXMLNode.m */,
			);
			path = GDataXML;
			sourceTree = "<group>";
		};
		63EF2511158C6033004E2BFB = {
			isa = PBXGroup;
			children = (
				63681BC315B44D710051F1B7 /* SDWebImage.xcodeproj */,
				63EF2526158C6033004E2BFB /* WildJunket */,
				63EF254F158C6033004E2BFB /* WildJunketTests */,
				63EF251F158C6033004E2BFB /* Frameworks */,
				63EF251D158C6033004E2BFB /* Products */,
			);
			sourceTree = "<group>";
		};
		63EF251D158C6033004E2BFB /* Products */ = {
			isa = PBXGroup;
			children = (
				63EF251C158C6033004E2BFB /* WildJunket.app */,
				63EF2548158C6033004E2BFB /* WildJunketTests.octest */,
			);
			name = Products;
			sourceTree = "<group>";
		};
		63EF251F158C6033004E2BFB /* Frameworks */ = {
			isa = PBXGroup;
			children = (
				631CF5E815B410B30043EE5A /* libxml2.dylib */,
				6350026D15AB821E00FC9BCF /* ImageIO.framework */,
				6350026B15AB821000FC9BCF /* MessageUI.framework */,
				6350026915AB820600FC9BCF /* QuartzCore.framework */,
				63DC11D715A5D03500E22683 /* MapKit.framework */,
				63EE7E6715A4BDF50098FEE8 /* MobileCoreServices.framework */,
				63EE7E6515A4BDEC0098FEE8 /* SystemConfiguration.framework */,
				63EE7E6315A4BDE10098FEE8 /* CFNetwork.framework */,
				63EE7E6115A4BDD10098FEE8 /* libz.dylib */,
				63EF2520158C6033004E2BFB /* UIKit.framework */,
				63EF2522158C6033004E2BFB /* Foundation.framework */,
				63EF2524158C6033004E2BFB /* CoreGraphics.framework */,
				63EF2549158C6033004E2BFB /* SenTestingKit.framework */,
			);
			name = Frameworks;
			sourceTree = "<group>";
		};
		63EF2526158C6033004E2BFB /* WildJunket */ = {
			isa = PBXGroup;
			children = (
				631CF5DD15B40E910043EE5A /* hpple */,
				635002CF15AB9ABD00FC9BCF /* Controllers */,
				6350026F15AB929100FC9BCF /* Reader */,
				6350026815AB81C400FC9BCF /* Resources */,
				63EE7EB215A4CFFF0098FEE8 /* GDataXML */,
				63EE7E7315A4C4690098FEE8 /* ASIHTTPRequest */,
				63EE7E6F15A4C0470098FEE8 /* Classes */,
				63EF2532158C6033004E2BFB /* MainStoryboard.storyboard */,
				63EF2527158C6033004E2BFB /* Supporting Files */,
			);
			path = WildJunket;
			sourceTree = "<group>";
		};
		63EF2527158C6033004E2BFB /* Supporting Files */ = {
			isa = PBXGroup;
			children = (
				63EF252F158C6033004E2BFB /* AppDelegate.h */,
				63EF2530158C6033004E2BFB /* AppDelegate.m */,
				63EF2528158C6033004E2BFB /* WildJunket-Info.plist */,
				63EF2529158C6033004E2BFB /* InfoPlist.strings */,
				63EF252C158C6033004E2BFB /* main.m */,
				63EF252E158C6033004E2BFB /* WildJunket-Prefix.pch */,
			);
			name = "Supporting Files";
			sourceTree = "<group>";
		};
		63EF254F158C6033004E2BFB /* WildJunketTests */ = {
			isa = PBXGroup;
			children = (
				63EF2555158C6033004E2BFB /* WildJunketTests.h */,
				63EF2556158C6033004E2BFB /* WildJunketTests.m */,
				63EF2550158C6033004E2BFB /* Supporting Files */,
			);
			path = WildJunketTests;
			sourceTree = "<group>";
		};
		63EF2550158C6033004E2BFB /* Supporting Files */ = {
			isa = PBXGroup;
			children = (
				63EF2551158C6033004E2BFB /* WildJunketTests-Info.plist */,
				63EF2552158C6033004E2BFB /* InfoPlist.strings */,
			);
			name = "Supporting Files";
			sourceTree = "<group>";
		};
/* End PBXGroup section */

/* Begin PBXNativeTarget section */
		63EF251B158C6033004E2BFB /* WildJunket */ = {
			isa = PBXNativeTarget;
			buildConfigurationList = 63EF255A158C6033004E2BFB /* Build configuration list for PBXNativeTarget "WildJunket" */;
			buildPhases = (
				63EF2518158C6033004E2BFB /* Sources */,
				63EF2519158C6033004E2BFB /* Frameworks */,
				63EF251A158C6033004E2BFB /* Resources */,
			);
			buildRules = (
			);
			dependencies = (
				63681BE515B44E440051F1B7 /* PBXTargetDependency */,
			);
			name = WildJunket;
			productName = WildJunket;
			productReference = 63EF251C158C6033004E2BFB /* WildJunket.app */;
			productType = "com.apple.product-type.application";
		};
		63EF2547158C6033004E2BFB /* WildJunketTests */ = {
			isa = PBXNativeTarget;
			buildConfigurationList = 63EF255D158C6033004E2BFB /* Build configuration list for PBXNativeTarget "WildJunketTests" */;
			buildPhases = (
				63EF2543158C6033004E2BFB /* Sources */,
				63EF2544158C6033004E2BFB /* Frameworks */,
				63EF2545158C6033004E2BFB /* Resources */,
				63EF2546158C6033004E2BFB /* ShellScript */,
			);
			buildRules = (
			);
			dependencies = (
				63EF254E158C6033004E2BFB /* PBXTargetDependency */,
			);
			name = WildJunketTests;
			productName = WildJunketTests;
			productReference = 63EF2548158C6033004E2BFB /* WildJunketTests.octest */;
			productType = "com.apple.product-type.bundle";
		};
/* End PBXNativeTarget section */

/* Begin PBXProject section */
		63EF2513158C6033004E2BFB /* Project object */ = {
			isa = PBXProject;
			attributes = {
				LastUpgradeCheck = 0430;
			};
			buildConfigurationList = 63EF2516158C6033004E2BFB /* Build configuration list for PBXProject "WildJunket" */;
			compatibilityVersion = "Xcode 3.2";
			developmentRegion = English;
			hasScannedForEncodings = 0;
			knownRegions = (
				en,
			);
			mainGroup = 63EF2511158C6033004E2BFB;
			productRefGroup = 63EF251D158C6033004E2BFB /* Products */;
			projectDirPath = "";
			projectReferences = (
				{
					ProductGroup = 63681BC415B44D710051F1B7 /* Products */;
					ProjectRef = 63681BC315B44D710051F1B7 /* SDWebImage.xcodeproj */;
				},
			);
			projectRoot = "";
			targets = (
				63EF251B158C6033004E2BFB /* WildJunket */,
				63EF2547158C6033004E2BFB /* WildJunketTests */,
			);
		};
/* End PBXProject section */

/* Begin PBXReferenceProxy section */
		63681BCA15B44D720051F1B7 /* libSDWebImage.a */ = {
			isa = PBXReferenceProxy;
			fileType = archive.ar;
			path = libSDWebImage.a;
			remoteRef = 63681BC915B44D720051F1B7 /* PBXContainerItemProxy */;
			sourceTree = BUILT_PRODUCTS_DIR;
		};
		63681BCC15B44D720051F1B7 /* libSDWebImageARC.a */ = {
			isa = PBXReferenceProxy;
			fileType = archive.ar;
			path = libSDWebImageARC.a;
			remoteRef = 63681BCB15B44D720051F1B7 /* PBXContainerItemProxy */;
			sourceTree = BUILT_PRODUCTS_DIR;
		};
		63681BCE15B44D720051F1B7 /* libSDWebImageARC+MKAnnotation.a */ = {
			isa = PBXReferenceProxy;
			fileType = archive.ar;
			path = "libSDWebImageARC+MKAnnotation.a";
			remoteRef = 63681BCD15B44D720051F1B7 /* PBXContainerItemProxy */;
			sourceTree = BUILT_PRODUCTS_DIR;
		};
/* End PBXReferenceProxy section */

/* Begin PBXResourcesBuildPhase section */
		63EF251A158C6033004E2BFB /* Resources */ = {
			isa = PBXResourcesBuildPhase;
			buildActionMask = 2147483647;
			files = (
				63EF252B158C6033004E2BFB /* InfoPlist.strings in Resources */,
				63EF2534158C6033004E2BFB /* MainStoryboard.storyboard in Resources */,
				63ABEE4815A33831008F8C16 /* mapmarker@2x.png in Resources */,
				63ABEE4915A33831008F8C16 /* 38-airplane@2x.png in Resources */,
				63ABEE4A15A33831008F8C16 /* 56-feed@2x.png in Resources */,
				63ABEE4B15A33831008F8C16 /* 59-info@2x.png in Resources */,
				63ABEE4C15A33831008F8C16 /* 71-compass@2x.png in Resources */,
				63ABEE4D15A33831008F8C16 /* 86-camera@2x.png in Resources */,
				63ABEE5415A338D1008F8C16 /* mapmarker.png in Resources */,
				63ABEE5515A338D1008F8C16 /* 38-airplane.png in Resources */,
				63ABEE5615A338D1008F8C16 /* 56-feed.png in Resources */,
				63ABEE5715A338D1008F8C16 /* 59-info.png in Resources */,
				63ABEE5815A338D1008F8C16 /* 71-compass.png in Resources */,
				63ABEE5915A338D1008F8C16 /* 86-camera.png in Resources */,
				635002BF15AB92D000FC9BCF /* Reader-Button-H.png in Resources */,
				635002C015AB92D000FC9BCF /* Reader-Button-H@2x.png in Resources */,
				635002C115AB92D000FC9BCF /* Reader-Button-N.png in Resources */,
				635002C215AB92D000FC9BCF /* Reader-Button-N@2x.png in Resources */,
				635002C315AB92D000FC9BCF /* Reader-Email.png in Resources */,
				635002C415AB92D000FC9BCF /* Reader-Email@2x.png in Resources */,
				635002C515AB92D000FC9BCF /* Reader-Mark-N.png in Resources */,
				635002C615AB92D000FC9BCF /* Reader-Mark-N@2x.png in Resources */,
				635002C715AB92D000FC9BCF /* Reader-Mark-Y.png in Resources */,
				635002C815AB92D000FC9BCF /* Reader-Mark-Y@2x.png in Resources */,
				635002C915AB92D000FC9BCF /* Reader-Print.png in Resources */,
				635002CA15AB92D000FC9BCF /* Reader-Print@2x.png in Resources */,
				635002CB15AB92D000FC9BCF /* Reader-Thumbs.png in Resources */,
				635002CC15AB92D000FC9BCF /* Reader-Thumbs@2x.png in Resources */,
				635002CE15AB964E00FC9BCF /* wildjunket.pdf in Resources */,
				63CF5C1615B43B46000B3D46 /* placeholder.png in Resources */,
				63BB49FB15B4BEBE00CAE398 /* back-button.png in Resources */,
				63BB49FC15B4BEBE00CAE398 /* back-button@2x.png in Resources */,
				63BB49FD15B4BEBE00CAE398 /* bar-button.png in Resources */,
				63BB49FE15B4BEBE00CAE398 /* bar-button@2x.png in Resources */,
				63BB49FF15B4BEBE00CAE398 /* nav-bar.png in Resources */,
				63BB4A0015B4BEBE00CAE398 /* nav-bar@2x.png in Resources */,
				63BB4CEF15B4CBD500CAE398 /* nav-bar-landscape.png in Resources */,
				63BB4CF015B4CBD500CAE398 /* nav-bar-landscape@2x.png in Resources */,
				63BB4CFD15B4CFC700CAE398 /* back-button-landscape.png in Resources */,
				63BB4CFE15B4CFC700CAE398 /* back-button-landscape@2x.png in Resources */,
				63BB4CFF15B4CFC700CAE398 /* bar-button-landscape.png in Resources */,
				63BB4D0015B4CFC700CAE398 /* bar-button-landscape@2x.png in Resources */,
				63C6187515B69E2600C3AE92 /* tab-bar@2x.png in Resources */,
				63C6187615B69E2600C3AE92 /* tab-bar.png in Resources */,
				6360FC9D15B6B8AD00A58518 /* tab-selected-new.png in Resources */,
				6360FC9F15B7135100A58518 /* tab-selected-new@2x.png in Resources */,
			);
			runOnlyForDeploymentPostprocessing = 0;
		};
		63EF2545158C6033004E2BFB /* Resources */ = {
			isa = PBXResourcesBuildPhase;
			buildActionMask = 2147483647;
			files = (
				63EF2554158C6033004E2BFB /* InfoPlist.strings in Resources */,
			);
			runOnlyForDeploymentPostprocessing = 0;
		};
/* End PBXResourcesBuildPhase section */

/* Begin PBXShellScriptBuildPhase section */
		63EF2546158C6033004E2BFB /* ShellScript */ = {
			isa = PBXShellScriptBuildPhase;
			buildActionMask = 2147483647;
			files = (
			);
			inputPaths = (
			);
			outputPaths = (
			);
			runOnlyForDeploymentPostprocessing = 0;
			shellPath = /bin/sh;
			shellScript = "# Run the unit tests in this test bundle.\n\"${SYSTEM_DEVELOPER_DIR}/Tools/RunUnitTests\"\n";
		};
/* End PBXShellScriptBuildPhase section */

/* Begin PBXSourcesBuildPhase section */
		63EF2518158C6033004E2BFB /* Sources */ = {
			isa = PBXSourcesBuildPhase;
			buildActionMask = 2147483647;
			files = (
				63EF252D158C6033004E2BFB /* main.m in Sources */,
				63EF2531158C6033004E2BFB /* AppDelegate.m in Sources */,
				63EF253E158C6033004E2BFB /* PhotosViewController.m in Sources */,
				636729D515A4BAEE00A54ACE /* RSSNavViewController.m in Sources */,
				63EE7E6E15A4C0390098FEE8 /* RSSEntry.m in Sources */,
				63EE7E7215A4C3980098FEE8 /* RSSTableViewController.m in Sources */,
				63EE7EA915A4C88F0098FEE8 /* ASIAuthenticationDialog.m in Sources */,
				63EE7EAA15A4C88F0098FEE8 /* ASIDataCompressor.m in Sources */,
				63EE7EAB15A4C88F0098FEE8 /* ASIDataDecompressor.m in Sources */,
				63EE7EAC15A4C88F0098FEE8 /* ASIDownloadCache.m in Sources */,
				63EE7EAD15A4C88F0098FEE8 /* ASIFormDataRequest.m in Sources */,
				63EE7EAE15A4C88F0098FEE8 /* ASIHTTPRequest.m in Sources */,
				63EE7EAF15A4C88F0098FEE8 /* ASIInputStream.m in Sources */,
				63EE7EB015A4C88F0098FEE8 /* ASINetworkQueue.m in Sources */,
				63EE7EB115A4C88F0098FEE8 /* Reachability.m in Sources */,
				63EE7EB715A4D0280098FEE8 /* GDataXMLElement-Extras.m in Sources */,
				63EE7EB815A4D0280098FEE8 /* GDataXMLNode.m in Sources */,
				63EE7EBD15A4DDB90098FEE8 /* NSArray+Extras.m in Sources */,
				63EE7EBE15A4DDB90098FEE8 /* NSDate+InternetDateTime.m in Sources */,
				63EE7EC115A4DF290098FEE8 /* RSSFeedWebViewControler.m in Sources */,
				63DC11DC15A5D05A00E22683 /* MapViewController.m in Sources */,
				633E9C0715A7A70700DA4C90 /* MKMapView+ZoomLevel.m in Sources */,
				6350029615AB92B100FC9BCF /* CGPDFDocument.m in Sources */,
				6350029715AB92B100FC9BCF /* ReaderConstants.m in Sources */,
				6350029815AB92B100FC9BCF /* ReaderContentPage.m in Sources */,
				6350029915AB92B100FC9BCF /* ReaderContentTile.m in Sources */,
				6350029A15AB92B100FC9BCF /* ReaderContentView.m in Sources */,
				6350029B15AB92B100FC9BCF /* ReaderDocument.m in Sources */,
				6350029C15AB92B100FC9BCF /* ReaderMainPagebar.m in Sources */,
				6350029D15AB92B100FC9BCF /* ReaderMainToolbar.m in Sources */,
				6350029E15AB92B100FC9BCF /* ReaderThumbCache.m in Sources */,
				6350029F15AB92B100FC9BCF /* ReaderThumbFetch.m in Sources */,
				635002A015AB92B100FC9BCF /* ReaderThumbQueue.m in Sources */,
				635002A115AB92B100FC9BCF /* ReaderThumbRender.m in Sources */,
				635002A215AB92B100FC9BCF /* ReaderThumbRequest.m in Sources */,
				635002A315AB92B100FC9BCF /* ReaderThumbsView.m in Sources */,
				635002A415AB92B100FC9BCF /* ReaderThumbView.m in Sources */,
				635002A515AB92B100FC9BCF /* ReaderViewController.m in Sources */,
				635002A615AB92B100FC9BCF /* ThumbsMainToolbar.m in Sources */,
				635002A715AB92B100FC9BCF /* ThumbsViewController.m in Sources */,
				635002A815AB92B100FC9BCF /* UIXToolbarView.m in Sources */,
				631CF5E515B40ED50043EE5A /* TFHpple.m in Sources */,
				631CF5E615B40ED50043EE5A /* TFHppleElement.m in Sources */,
				631CF5E715B40ED50043EE5A /* XPathQuery.m in Sources */,
				63CF5C0F15B42949000B3D46 /* RSSCell.m in Sources */,
			);
			runOnlyForDeploymentPostprocessing = 0;
		};
		63EF2543158C6033004E2BFB /* Sources */ = {
			isa = PBXSourcesBuildPhase;
			buildActionMask = 2147483647;
			files = (
				63EF2557158C6033004E2BFB /* WildJunketTests.m in Sources */,
			);
			runOnlyForDeploymentPostprocessing = 0;
		};
/* End PBXSourcesBuildPhase section */

/* Begin PBXTargetDependency section */
		63681BE515B44E440051F1B7 /* PBXTargetDependency */ = {
			isa = PBXTargetDependency;
			name = "SDWebImage ARC";
			targetProxy = 63681BE415B44E440051F1B7 /* PBXContainerItemProxy */;
		};
		63EF254E158C6033004E2BFB /* PBXTargetDependency */ = {
			isa = PBXTargetDependency;
			target = 63EF251B158C6033004E2BFB /* WildJunket */;
			targetProxy = 63EF254D158C6033004E2BFB /* PBXContainerItemProxy */;
		};
/* End PBXTargetDependency section */

/* Begin PBXVariantGroup section */
		63EF2529158C6033004E2BFB /* InfoPlist.strings */ = {
			isa = PBXVariantGroup;
			children = (
				63EF252A158C6033004E2BFB /* en */,
			);
			name = InfoPlist.strings;
			sourceTree = "<group>";
		};
		63EF2532158C6033004E2BFB /* MainStoryboard.storyboard */ = {
			isa = PBXVariantGroup;
			children = (
				63EF2533158C6033004E2BFB /* en */,
			);
			name = MainStoryboard.storyboard;
			sourceTree = "<group>";
		};
		63EF2552158C6033004E2BFB /* InfoPlist.strings */ = {
			isa = PBXVariantGroup;
			children = (
				63EF2553158C6033004E2BFB /* en */,
			);
			name = InfoPlist.strings;
			sourceTree = "<group>";
		};
/* End PBXVariantGroup section */

/* Begin XCBuildConfiguration section */
		63EF2558158C6033004E2BFB /* Debug */ = {
			isa = XCBuildConfiguration;
			buildSettings = {
				ALWAYS_SEARCH_USER_PATHS = NO;
				ARCHS = "$(ARCHS_STANDARD_32_BIT)";
				CLANG_ENABLE_OBJC_ARC = NO;
				"CODE_SIGN_IDENTITY[sdk=iphoneos*]" = "iPhone Developer";
				COPY_PHASE_STRIP = NO;
				GCC_C_LANGUAGE_STANDARD = gnu99;
				GCC_DYNAMIC_NO_PIC = NO;
				GCC_OPTIMIZATION_LEVEL = 0;
				GCC_PREPROCESSOR_DEFINITIONS = (
					"DEBUG=1",
					"$(inherited)",
				);
				GCC_SYMBOLS_PRIVATE_EXTERN = NO;
				GCC_VERSION = com.apple.compilers.llvm.clang.1_0;
				GCC_WARN_ABOUT_RETURN_TYPE = YES;
				GCC_WARN_UNINITIALIZED_AUTOS = YES;
				GCC_WARN_UNUSED_VARIABLE = YES;
				HEADER_SEARCH_PATHS = "/usr/include/libxml2/**";
				IPHONEOS_DEPLOYMENT_TARGET = 5.0;
				OTHER_LDFLAGS = "-lxml2";
				SDKROOT = iphoneos;
			};
			name = Debug;
		};
		63EF2559158C6033004E2BFB /* Release */ = {
			isa = XCBuildConfiguration;
			buildSettings = {
				ALWAYS_SEARCH_USER_PATHS = NO;
				ARCHS = "$(ARCHS_STANDARD_32_BIT)";
				CLANG_ENABLE_OBJC_ARC = NO;
				"CODE_SIGN_IDENTITY[sdk=iphoneos*]" = "iPhone Developer";
				COPY_PHASE_STRIP = YES;
				GCC_C_LANGUAGE_STANDARD = gnu99;
				GCC_VERSION = com.apple.compilers.llvm.clang.1_0;
				GCC_WARN_ABOUT_RETURN_TYPE = YES;
				GCC_WARN_UNINITIALIZED_AUTOS = YES;
				GCC_WARN_UNUSED_VARIABLE = YES;
				HEADER_SEARCH_PATHS = "/usr/include/libxml2/**";
				IPHONEOS_DEPLOYMENT_TARGET = 5.0;
				OTHER_CFLAGS = "-DNS_BLOCK_ASSERTIONS=1";
				OTHER_LDFLAGS = "-lxml2";
				SDKROOT = iphoneos;
				VALIDATE_PRODUCT = YES;
			};
			name = Release;
		};
		63EF255B158C6033004E2BFB /* Debug */ = {
			isa = XCBuildConfiguration;
			buildSettings = {
				CLANG_ENABLE_OBJC_ARC = YES;
				"CODE_SIGN_IDENTITY[sdk=iphoneos*]" = "iPhone Developer: David Garcia Fernandez (72SXJQDU59)";
				GCC_PRECOMPILE_PREFIX_HEADER = YES;
				GCC_PREFIX_HEADER = "WildJunket/WildJunket-Prefix.pch";
				HEADER_SEARCH_PATHS = (
					"/usr/include/libxml2/**",
					"”$(OBJROOT)/UninstalledProducts/include”",
					"”$(TARGET_BUILD_DIR)/usr/local/lib/include”",
				);
				INFOPLIST_FILE = "WildJunket/WildJunket-Info.plist";
				IPHONEOS_DEPLOYMENT_TARGET = 5.0;
				OTHER_LDFLAGS = (
					"-lxml2",
					"-ObjC",
				);
				PRODUCT_NAME = "$(TARGET_NAME)";
				"PROVISIONING_PROFILE[sdk=iphoneos*]" = "1455C218-6843-4F69-BEA0-F24D33CF5839";
				WRAPPER_EXTENSION = app;
			};
			name = Debug;
		};
		63EF255C158C6033004E2BFB /* Release */ = {
			isa = XCBuildConfiguration;
			buildSettings = {
				CLANG_ENABLE_OBJC_ARC = YES;
				GCC_PRECOMPILE_PREFIX_HEADER = YES;
				GCC_PREFIX_HEADER = "WildJunket/WildJunket-Prefix.pch";
				HEADER_SEARCH_PATHS = (
					"/usr/include/libxml2/**",
					"”$(OBJROOT)/UninstalledProducts/include”",
					"”$(TARGET_BUILD_DIR)/usr/local/lib/include”",
				);
				INFOPLIST_FILE = "WildJunket/WildJunket-Info.plist";
				IPHONEOS_DEPLOYMENT_TARGET = 5.0;
				OTHER_LDFLAGS = (
					"-lxml2",
					"-ObjC",
				);
				PRODUCT_NAME = "$(TARGET_NAME)";
				WRAPPER_EXTENSION = app;
			};
			name = Release;
		};
		63EF255E158C6033004E2BFB /* Debug */ = {
			isa = XCBuildConfiguration;
			buildSettings = {
				BUNDLE_LOADER = "$(BUILT_PRODUCTS_DIR)/WildJunket.app/WildJunket";
				FRAMEWORK_SEARCH_PATHS = (
					"$(SDKROOT)/Developer/Library/Frameworks",
					"$(DEVELOPER_LIBRARY_DIR)/Frameworks",
				);
				GCC_PRECOMPILE_PREFIX_HEADER = YES;
				GCC_PREFIX_HEADER = "WildJunket/WildJunket-Prefix.pch";
				INFOPLIST_FILE = "WildJunketTests/WildJunketTests-Info.plist";
				PRODUCT_NAME = "$(TARGET_NAME)";
				TEST_HOST = "$(BUNDLE_LOADER)";
				WRAPPER_EXTENSION = octest;
			};
			name = Debug;
		};
		63EF255F158C6033004E2BFB /* Release */ = {
			isa = XCBuildConfiguration;
			buildSettings = {
				BUNDLE_LOADER = "$(BUILT_PRODUCTS_DIR)/WildJunket.app/WildJunket";
				FRAMEWORK_SEARCH_PATHS = (
					"$(SDKROOT)/Developer/Library/Frameworks",
					"$(DEVELOPER_LIBRARY_DIR)/Frameworks",
				);
				GCC_PRECOMPILE_PREFIX_HEADER = YES;
				GCC_PREFIX_HEADER = "WildJunket/WildJunket-Prefix.pch";
				INFOPLIST_FILE = "WildJunketTests/WildJunketTests-Info.plist";
				PRODUCT_NAME = "$(TARGET_NAME)";
				TEST_HOST = "$(BUNDLE_LOADER)";
				WRAPPER_EXTENSION = octest;
			};
			name = Release;
		};
/* End XCBuildConfiguration section */

/* Begin XCConfigurationList section */
		63EF2516158C6033004E2BFB /* Build configuration list for PBXProject "WildJunket" */ = {
			isa = XCConfigurationList;
			buildConfigurations = (
				63EF2558158C6033004E2BFB /* Debug */,
				63EF2559158C6033004E2BFB /* Release */,
			);
			defaultConfigurationIsVisible = 0;
			defaultConfigurationName = Release;
		};
		63EF255A158C6033004E2BFB /* Build configuration list for PBXNativeTarget "WildJunket" */ = {
			isa = XCConfigurationList;
			buildConfigurations = (
				63EF255B158C6033004E2BFB /* Debug */,
				63EF255C158C6033004E2BFB /* Release */,
			);
			defaultConfigurationIsVisible = 0;
			defaultConfigurationName = Release;
		};
		63EF255D158C6033004E2BFB /* Build configuration list for PBXNativeTarget "WildJunketTests" */ = {
			isa = XCConfigurationList;
			buildConfigurations = (
				63EF255E158C6033004E2BFB /* Debug */,
				63EF255F158C6033004E2BFB /* Release */,
			);
			defaultConfigurationIsVisible = 0;
			defaultConfigurationName = Release;
		};
/* End XCConfigurationList section */
	};
	rootObject = 63EF2513158C6033004E2BFB /* Project object */;
}
